// !$*UTF8*$!
{
	archiveVersion = 1;
	classes = {
	};
	objectVersion = 48;
	objects = {

/* Begin PBXBuildFile section */
		C7143D592021EF0D000923B9 /* art.scnassets in Resources */ = {isa = PBXBuildFile; fileRef = C7143D582021EF0D000923B9 /* art.scnassets */; };
		C72143D6297F26EA00BA6D38 /* AppCore.framework in Frameworks */ = {isa = PBXBuildFile; fileRef = C72143D5297F26EA00BA6D38 /* AppCore.framework */; };
		C72143D7297F26EA00BA6D38 /* AppCore.framework in Embed Frameworks */ = {isa = PBXBuildFile; fileRef = C72143D5297F26EA00BA6D38 /* AppCore.framework */; settings = {ATTRIBUTES = (CodeSignOnCopy, RemoveHeadersOnCopy, ); }; };
		C72143FB297F50AC00BA6D38 /* ARDancingDemo.framework in Frameworks */ = {isa = PBXBuildFile; fileRef = C72143E7297F50AC00BA6D38 /* ARDancingDemo.framework */; };
		C72143FC297F50AC00BA6D38 /* ARDancingDemo.framework in Embed Frameworks */ = {isa = PBXBuildFile; fileRef = C72143E7297F50AC00BA6D38 /* ARDancingDemo.framework */; settings = {ATTRIBUTES = (CodeSignOnCopy, RemoveHeadersOnCopy, ); }; };
		C72143FD297F50AC00BA6D38 /* ARDiceeDemo.framework in Frameworks */ = {isa = PBXBuildFile; fileRef = C72143E8297F50AC00BA6D38 /* ARDiceeDemo.framework */; };
		C72143FE297F50AC00BA6D38 /* ARDiceeDemo.framework in Embed Frameworks */ = {isa = PBXBuildFile; fileRef = C72143E8297F50AC00BA6D38 /* ARDiceeDemo.framework */; settings = {ATTRIBUTES = (CodeSignOnCopy, RemoveHeadersOnCopy, ); }; };
		C72143FF297F50AC00BA6D38 /* ARDrawingDemo.framework in Frameworks */ = {isa = PBXBuildFile; fileRef = C72143E9297F50AC00BA6D38 /* ARDrawingDemo.framework */; };
		C7214400297F50AC00BA6D38 /* ARDrawingDemo.framework in Embed Frameworks */ = {isa = PBXBuildFile; fileRef = C72143E9297F50AC00BA6D38 /* ARDrawingDemo.framework */; settings = {ATTRIBUTES = (CodeSignOnCopy, RemoveHeadersOnCopy, ); }; };
		C7214401297F50AC00BA6D38 /* ARFireballDemo.framework in Frameworks */ = {isa = PBXBuildFile; fileRef = C72143EA297F50AC00BA6D38 /* ARFireballDemo.framework */; };
		C7214402297F50AC00BA6D38 /* ARFireballDemo.framework in Embed Frameworks */ = {isa = PBXBuildFile; fileRef = C72143EA297F50AC00BA6D38 /* ARFireballDemo.framework */; settings = {ATTRIBUTES = (CodeSignOnCopy, RemoveHeadersOnCopy, ); }; };
		C7214403297F50AC00BA6D38 /* ARHomeDemo.framework in Frameworks */ = {isa = PBXBuildFile; fileRef = C72143EB297F50AC00BA6D38 /* ARHomeDemo.framework */; };
		C7214404297F50AC00BA6D38 /* ARHomeDemo.framework in Embed Frameworks */ = {isa = PBXBuildFile; fileRef = C72143EB297F50AC00BA6D38 /* ARHomeDemo.framework */; settings = {ATTRIBUTES = (CodeSignOnCopy, RemoveHeadersOnCopy, ); }; };
		C7214405297F50AC00BA6D38 /* ARHoopsDemo.framework in Frameworks */ = {isa = PBXBuildFile; fileRef = C72143EC297F50AC00BA6D38 /* ARHoopsDemo.framework */; };
		C7214406297F50AC00BA6D38 /* ARHoopsDemo.framework in Embed Frameworks */ = {isa = PBXBuildFile; fileRef = C72143EC297F50AC00BA6D38 /* ARHoopsDemo.framework */; settings = {ATTRIBUTES = (CodeSignOnCopy, RemoveHeadersOnCopy, ); }; };
		C7214407297F50AC00BA6D38 /* ARMeasuringDemo.framework in Frameworks */ = {isa = PBXBuildFile; fileRef = C72143ED297F50AC00BA6D38 /* ARMeasuringDemo.framework */; };
		C7214408297F50AC00BA6D38 /* ARMeasuringDemo.framework in Embed Frameworks */ = {isa = PBXBuildFile; fileRef = C72143ED297F50AC00BA6D38 /* ARMeasuringDemo.framework */; settings = {ATTRIBUTES = (CodeSignOnCopy, RemoveHeadersOnCopy, ); }; };
		C7214409297F50AC00BA6D38 /* ARObjectDetectionDemo.framework in Frameworks */ = {isa = PBXBuildFile; fileRef = C72143EE297F50AC00BA6D38 /* ARObjectDetectionDemo.framework */; };
		C721440A297F50AC00BA6D38 /* ARObjectDetectionDemo.framework in Embed Frameworks */ = {isa = PBXBuildFile; fileRef = C72143EE297F50AC00BA6D38 /* ARObjectDetectionDemo.framework */; settings = {ATTRIBUTES = (CodeSignOnCopy, RemoveHeadersOnCopy, ); }; };
		C721440B297F50AC00BA6D38 /* ARObjectRecognitionDemo.framework in Frameworks */ = {isa = PBXBuildFile; fileRef = C72143EF297F50AC00BA6D38 /* ARObjectRecognitionDemo.framework */; };
		C721440C297F50AC00BA6D38 /* ARObjectRecognitionDemo.framework in Embed Frameworks */ = {isa = PBXBuildFile; fileRef = C72143EF297F50AC00BA6D38 /* ARObjectRecognitionDemo.framework */; settings = {ATTRIBUTES = (CodeSignOnCopy, RemoveHeadersOnCopy, ); }; };
		C721440D297F50AD00BA6D38 /* ARPhysicallyBasedRenderingDemo.framework in Frameworks */ = {isa = PBXBuildFile; fileRef = C72143F0297F50AC00BA6D38 /* ARPhysicallyBasedRenderingDemo.framework */; };
		C721440E297F50AD00BA6D38 /* ARPhysicallyBasedRenderingDemo.framework in Embed Frameworks */ = {isa = PBXBuildFile; fileRef = C72143F0297F50AC00BA6D38 /* ARPhysicallyBasedRenderingDemo.framework */; settings = {ATTRIBUTES = (CodeSignOnCopy, RemoveHeadersOnCopy, ); }; };
		C721440F297F50AD00BA6D38 /* ARPlacesDemo.framework in Frameworks */ = {isa = PBXBuildFile; fileRef = C72143F1297F50AC00BA6D38 /* ARPlacesDemo.framework */; };
		C7214410297F50AD00BA6D38 /* ARPlacesDemo.framework in Embed Frameworks */ = {isa = PBXBuildFile; fileRef = C72143F1297F50AC00BA6D38 /* ARPlacesDemo.framework */; settings = {ATTRIBUTES = (CodeSignOnCopy, RemoveHeadersOnCopy, ); }; };
		C7214411297F50AD00BA6D38 /* ARPlanetsDemo.framework in Frameworks */ = {isa = PBXBuildFile; fileRef = C72143F2297F50AC00BA6D38 /* ARPlanetsDemo.framework */; };
		C7214412297F50AD00BA6D38 /* ARPlanetsDemo.framework in Embed Frameworks */ = {isa = PBXBuildFile; fileRef = C72143F2297F50AC00BA6D38 /* ARPlanetsDemo.framework */; settings = {ATTRIBUTES = (CodeSignOnCopy, RemoveHeadersOnCopy, ); }; };
		C7214413297F50AD00BA6D38 /* ARPortalDemo.framework in Frameworks */ = {isa = PBXBuildFile; fileRef = C72143F3297F50AC00BA6D38 /* ARPortalDemo.framework */; };
		C7214414297F50AD00BA6D38 /* ARPortalDemo.framework in Embed Frameworks */ = {isa = PBXBuildFile; fileRef = C72143F3297F50AC00BA6D38 /* ARPortalDemo.framework */; settings = {ATTRIBUTES = (CodeSignOnCopy, RemoveHeadersOnCopy, ); }; };
		C7214415297F50AD00BA6D38 /* ARShooterDemo.framework in Frameworks */ = {isa = PBXBuildFile; fileRef = C72143F4297F50AC00BA6D38 /* ARShooterDemo.framework */; };
		C7214416297F50AD00BA6D38 /* ARShooterDemo.framework in Embed Frameworks */ = {isa = PBXBuildFile; fileRef = C72143F4297F50AC00BA6D38 /* ARShooterDemo.framework */; settings = {ATTRIBUTES = (CodeSignOnCopy, RemoveHeadersOnCopy, ); }; };
		C7214417297F50AD00BA6D38 /* ARTelevisionDemo.framework in Frameworks */ = {isa = PBXBuildFile; fileRef = C72143F5297F50AC00BA6D38 /* ARTelevisionDemo.framework */; };
		C7214418297F50AD00BA6D38 /* ARTelevisionDemo.framework in Embed Frameworks */ = {isa = PBXBuildFile; fileRef = C72143F5297F50AC00BA6D38 /* ARTelevisionDemo.framework */; settings = {ATTRIBUTES = (CodeSignOnCopy, RemoveHeadersOnCopy, ); }; };
		C7214419297F50AD00BA6D38 /* ARVehicleDemo.framework in Frameworks */ = {isa = PBXBuildFile; fileRef = C72143F6297F50AC00BA6D38 /* ARVehicleDemo.framework */; };
		C721441A297F50AD00BA6D38 /* ARVehicleDemo.framework in Embed Frameworks */ = {isa = PBXBuildFile; fileRef = C72143F6297F50AC00BA6D38 /* ARVehicleDemo.framework */; settings = {ATTRIBUTES = (CodeSignOnCopy, RemoveHeadersOnCopy, ); }; };
		C721441B297F50AD00BA6D38 /* FloorIsLavaDemo.framework in Frameworks */ = {isa = PBXBuildFile; fileRef = C72143F7297F50AC00BA6D38 /* FloorIsLavaDemo.framework */; };
		C721441C297F50AD00BA6D38 /* FloorIsLavaDemo.framework in Embed Frameworks */ = {isa = PBXBuildFile; fileRef = C72143F7297F50AC00BA6D38 /* FloorIsLavaDemo.framework */; settings = {ATTRIBUTES = (CodeSignOnCopy, RemoveHeadersOnCopy, ); }; };
		C721441D297F50AE00BA6D38 /* IKEADemo.framework in Frameworks */ = {isa = PBXBuildFile; fileRef = C72143F8297F50AC00BA6D38 /* IKEADemo.framework */; };
		C721441E297F50AE00BA6D38 /* IKEADemo.framework in Embed Frameworks */ = {isa = PBXBuildFile; fileRef = C72143F8297F50AC00BA6D38 /* IKEADemo.framework */; settings = {ATTRIBUTES = (CodeSignOnCopy, RemoveHeadersOnCopy, ); }; };
		C721441F297F50AE00BA6D38 /* TossShapesDemo.framework in Frameworks */ = {isa = PBXBuildFile; fileRef = C72143F9297F50AC00BA6D38 /* TossShapesDemo.framework */; };
		C7214420297F50AE00BA6D38 /* TossShapesDemo.framework in Embed Frameworks */ = {isa = PBXBuildFile; fileRef = C72143F9297F50AC00BA6D38 /* TossShapesDemo.framework */; settings = {ATTRIBUTES = (CodeSignOnCopy, RemoveHeadersOnCopy, ); }; };
		C7214421297F50AE00BA6D38 /* WackAJellyFishDemo.framework in Frameworks */ = {isa = PBXBuildFile; fileRef = C72143FA297F50AC00BA6D38 /* WackAJellyFishDemo.framework */; };
		C7214422297F50AE00BA6D38 /* WackAJellyFishDemo.framework in Embed Frameworks */ = {isa = PBXBuildFile; fileRef = C72143FA297F50AC00BA6D38 /* WackAJellyFishDemo.framework */; settings = {ATTRIBUTES = (CodeSignOnCopy, RemoveHeadersOnCopy, ); }; };
		C7DD3D482020D79B000B5543 /* AppDelegate.swift in Sources */ = {isa = PBXBuildFile; fileRef = C7DD3D472020D79B000B5543 /* AppDelegate.swift */; };
		C7DD3D4C2020D79B000B5543 /* ARDemosViewController.swift in Sources */ = {isa = PBXBuildFile; fileRef = C7DD3D4B2020D79B000B5543 /* ARDemosViewController.swift */; };
		C7DD3D4F2020D79B000B5543 /* Main.storyboard in Resources */ = {isa = PBXBuildFile; fileRef = C7DD3D4D2020D79B000B5543 /* Main.storyboard */; };
		C7DD3D512020D79B000B5543 /* Assets.xcassets in Resources */ = {isa = PBXBuildFile; fileRef = C7DD3D502020D79B000B5543 /* Assets.xcassets */; };
		C7DD3D542020D79B000B5543 /* LaunchScreen.storyboard in Resources */ = {isa = PBXBuildFile; fileRef = C7DD3D522020D79B000B5543 /* LaunchScreen.storyboard */; };
/* End PBXBuildFile section */

/* Begin PBXCopyFilesBuildPhase section */
		C72143D8297F26EA00BA6D38 /* Embed Frameworks */ = {
			isa = PBXCopyFilesBuildPhase;
			buildActionMask = 2147483647;
			dstPath = "";
			dstSubfolderSpec = 10;
			files = (
				C7214418297F50AD00BA6D38 /* ARTelevisionDemo.framework in Embed Frameworks */,
				C721440E297F50AD00BA6D38 /* ARPhysicallyBasedRenderingDemo.framework in Embed Frameworks */,
				C7214420297F50AE00BA6D38 /* TossShapesDemo.framework in Embed Frameworks */,
				C721441C297F50AD00BA6D38 /* FloorIsLavaDemo.framework in Embed Frameworks */,
				C7214408297F50AC00BA6D38 /* ARMeasuringDemo.framework in Embed Frameworks */,
				C7214410297F50AD00BA6D38 /* ARPlacesDemo.framework in Embed Frameworks */,
				C7214402297F50AC00BA6D38 /* ARFireballDemo.framework in Embed Frameworks */,
				C7214414297F50AD00BA6D38 /* ARPortalDemo.framework in Embed Frameworks */,
				C72143D7297F26EA00BA6D38 /* AppCore.framework in Embed Frameworks */,
				C7214422297F50AE00BA6D38 /* WackAJellyFishDemo.framework in Embed Frameworks */,
				C721441E297F50AE00BA6D38 /* IKEADemo.framework in Embed Frameworks */,
				C7214406297F50AC00BA6D38 /* ARHoopsDemo.framework in Embed Frameworks */,
				C7214412297F50AD00BA6D38 /* ARPlanetsDemo.framework in Embed Frameworks */,
				C721440A297F50AC00BA6D38 /* ARObjectDetectionDemo.framework in Embed Frameworks */,
				C72143FE297F50AC00BA6D38 /* ARDiceeDemo.framework in Embed Frameworks */,
				C72143FC297F50AC00BA6D38 /* ARDancingDemo.framework in Embed Frameworks */,
				C721441A297F50AD00BA6D38 /* ARVehicleDemo.framework in Embed Frameworks */,
				C7214416297F50AD00BA6D38 /* ARShooterDemo.framework in Embed Frameworks */,
				C721440C297F50AC00BA6D38 /* ARObjectRecognitionDemo.framework in Embed Frameworks */,
				C7214400297F50AC00BA6D38 /* ARDrawingDemo.framework in Embed Frameworks */,
				C7214404297F50AC00BA6D38 /* ARHomeDemo.framework in Embed Frameworks */,
			);
			name = "Embed Frameworks";
			runOnlyForDeploymentPostprocessing = 0;
		};
/* End PBXCopyFilesBuildPhase section */

/* Begin PBXFileReference section */
		C7143D582021EF0D000923B9 /* art.scnassets */ = {isa = PBXFileReference; lastKnownFileType = wrapper.scnassets; path = art.scnassets; sourceTree = "<group>"; };
		C72143D5297F26EA00BA6D38 /* AppCore.framework */ = {isa = PBXFileReference; explicitFileType = wrapper.framework; path = AppCore.framework; sourceTree = BUILT_PRODUCTS_DIR; };
		C72143E7297F50AC00BA6D38 /* ARDancingDemo.framework */ = {isa = PBXFileReference; explicitFileType = wrapper.framework; path = ARDancingDemo.framework; sourceTree = BUILT_PRODUCTS_DIR; };
		C72143E8297F50AC00BA6D38 /* ARDiceeDemo.framework */ = {isa = PBXFileReference; explicitFileType = wrapper.framework; path = ARDiceeDemo.framework; sourceTree = BUILT_PRODUCTS_DIR; };
		C72143E9297F50AC00BA6D38 /* ARDrawingDemo.framework */ = {isa = PBXFileReference; explicitFileType = wrapper.framework; path = ARDrawingDemo.framework; sourceTree = BUILT_PRODUCTS_DIR; };
		C72143EA297F50AC00BA6D38 /* ARFireballDemo.framework */ = {isa = PBXFileReference; explicitFileType = wrapper.framework; path = ARFireballDemo.framework; sourceTree = BUILT_PRODUCTS_DIR; };
		C72143EB297F50AC00BA6D38 /* ARHomeDemo.framework */ = {isa = PBXFileReference; explicitFileType = wrapper.framework; path = ARHomeDemo.framework; sourceTree = BUILT_PRODUCTS_DIR; };
		C72143EC297F50AC00BA6D38 /* ARHoopsDemo.framework */ = {isa = PBXFileReference; explicitFileType = wrapper.framework; path = ARHoopsDemo.framework; sourceTree = BUILT_PRODUCTS_DIR; };
		C72143ED297F50AC00BA6D38 /* ARMeasuringDemo.framework */ = {isa = PBXFileReference; explicitFileType = wrapper.framework; path = ARMeasuringDemo.framework; sourceTree = BUILT_PRODUCTS_DIR; };
		C72143EE297F50AC00BA6D38 /* ARObjectDetectionDemo.framework */ = {isa = PBXFileReference; explicitFileType = wrapper.framework; path = ARObjectDetectionDemo.framework; sourceTree = BUILT_PRODUCTS_DIR; };
		C72143EF297F50AC00BA6D38 /* ARObjectRecognitionDemo.framework */ = {isa = PBXFileReference; explicitFileType = wrapper.framework; path = ARObjectRecognitionDemo.framework; sourceTree = BUILT_PRODUCTS_DIR; };
		C72143F0297F50AC00BA6D38 /* ARPhysicallyBasedRenderingDemo.framework */ = {isa = PBXFileReference; explicitFileType = wrapper.framework; path = ARPhysicallyBasedRenderingDemo.framework; sourceTree = BUILT_PRODUCTS_DIR; };
		C72143F1297F50AC00BA6D38 /* ARPlacesDemo.framework */ = {isa = PBXFileReference; explicitFileType = wrapper.framework; path = ARPlacesDemo.framework; sourceTree = BUILT_PRODUCTS_DIR; };
		C72143F2297F50AC00BA6D38 /* ARPlanetsDemo.framework */ = {isa = PBXFileReference; explicitFileType = wrapper.framework; path = ARPlanetsDemo.framework; sourceTree = BUILT_PRODUCTS_DIR; };
		C72143F3297F50AC00BA6D38 /* ARPortalDemo.framework */ = {isa = PBXFileReference; explicitFileType = wrapper.framework; path = ARPortalDemo.framework; sourceTree = BUILT_PRODUCTS_DIR; };
		C72143F4297F50AC00BA6D38 /* ARShooterDemo.framework */ = {isa = PBXFileReference; explicitFileType = wrapper.framework; path = ARShooterDemo.framework; sourceTree = BUILT_PRODUCTS_DIR; };
		C72143F5297F50AC00BA6D38 /* ARTelevisionDemo.framework */ = {isa = PBXFileReference; explicitFileType = wrapper.framework; path = ARTelevisionDemo.framework; sourceTree = BUILT_PRODUCTS_DIR; };
		C72143F6297F50AC00BA6D38 /* ARVehicleDemo.framework */ = {isa = PBXFileReference; explicitFileType = wrapper.framework; path = ARVehicleDemo.framework; sourceTree = BUILT_PRODUCTS_DIR; };
		C72143F7297F50AC00BA6D38 /* FloorIsLavaDemo.framework */ = {isa = PBXFileReference; explicitFileType = wrapper.framework; path = FloorIsLavaDemo.framework; sourceTree = BUILT_PRODUCTS_DIR; };
		C72143F8297F50AC00BA6D38 /* IKEADemo.framework */ = {isa = PBXFileReference; explicitFileType = wrapper.framework; path = IKEADemo.framework; sourceTree = BUILT_PRODUCTS_DIR; };
		C72143F9297F50AC00BA6D38 /* TossShapesDemo.framework */ = {isa = PBXFileReference; explicitFileType = wrapper.framework; path = TossShapesDemo.framework; sourceTree = BUILT_PRODUCTS_DIR; };
		C72143FA297F50AC00BA6D38 /* WackAJellyFishDemo.framework */ = {isa = PBXFileReference; explicitFileType = wrapper.framework; path = WackAJellyFishDemo.framework; sourceTree = BUILT_PRODUCTS_DIR; };
		C7D6DC26204AF68A006666FF /* Scene.sks */ = {isa = PBXFileReference; lastKnownFileType = file.sks; path = Scene.sks; sourceTree = "<group>"; };
		C7DD3D442020D79B000B5543 /* ARDemos.app */ = {isa = PBXFileReference; explicitFileType = wrapper.application; includeInIndex = 0; path = ARDemos.app; sourceTree = BUILT_PRODUCTS_DIR; };
		C7DD3D472020D79B000B5543 /* AppDelegate.swift */ = {isa = PBXFileReference; lastKnownFileType = sourcecode.swift; path = AppDelegate.swift; sourceTree = "<group>"; };
		C7DD3D4B2020D79B000B5543 /* ARDemosViewController.swift */ = {isa = PBXFileReference; lastKnownFileType = sourcecode.swift; path = ARDemosViewController.swift; sourceTree = "<group>"; };
		C7DD3D4E2020D79B000B5543 /* Base */ = {isa = PBXFileReference; lastKnownFileType = file.storyboard; name = Base; path = Base.lproj/Main.storyboard; sourceTree = "<group>"; };
		C7DD3D502020D79B000B5543 /* Assets.xcassets */ = {isa = PBXFileReference; lastKnownFileType = folder.assetcatalog; path = Assets.xcassets; sourceTree = "<group>"; };
		C7DD3D532020D79B000B5543 /* Base */ = {isa = PBXFileReference; lastKnownFileType = file.storyboard; name = Base; path = Base.lproj/LaunchScreen.storyboard; sourceTree = "<group>"; };
		C7DD3D552020D79B000B5543 /* Info.plist */ = {isa = PBXFileReference; lastKnownFileType = text.plist.xml; path = Info.plist; sourceTree = "<group>"; };
		C7DD3D5B2020D825000B5543 /* AppCore.framework */ = {isa = PBXFileReference; explicitFileType = wrapper.framework; path = AppCore.framework; sourceTree = BUILT_PRODUCTS_DIR; };
/* End PBXFileReference section */

/* Begin PBXFrameworksBuildPhase section */
		C7DD3D412020D79B000B5543 /* Frameworks */ = {
			isa = PBXFrameworksBuildPhase;
			buildActionMask = 2147483647;
			files = (
				C7214417297F50AD00BA6D38 /* ARTelevisionDemo.framework in Frameworks */,
				C721440D297F50AD00BA6D38 /* ARPhysicallyBasedRenderingDemo.framework in Frameworks */,
				C721441F297F50AE00BA6D38 /* TossShapesDemo.framework in Frameworks */,
				C721441B297F50AD00BA6D38 /* FloorIsLavaDemo.framework in Frameworks */,
				C7214407297F50AC00BA6D38 /* ARMeasuringDemo.framework in Frameworks */,
				C721440F297F50AD00BA6D38 /* ARPlacesDemo.framework in Frameworks */,
				C7214401297F50AC00BA6D38 /* ARFireballDemo.framework in Frameworks */,
				C7214413297F50AD00BA6D38 /* ARPortalDemo.framework in Frameworks */,
				C72143D6297F26EA00BA6D38 /* AppCore.framework in Frameworks */,
				C7214421297F50AE00BA6D38 /* WackAJellyFishDemo.framework in Frameworks */,
				C721441D297F50AE00BA6D38 /* IKEADemo.framework in Frameworks */,
				C7214405297F50AC00BA6D38 /* ARHoopsDemo.framework in Frameworks */,
				C7214411297F50AD00BA6D38 /* ARPlanetsDemo.framework in Frameworks */,
				C7214409297F50AC00BA6D38 /* ARObjectDetectionDemo.framework in Frameworks */,
				C72143FD297F50AC00BA6D38 /* ARDiceeDemo.framework in Frameworks */,
				C72143FB297F50AC00BA6D38 /* ARDancingDemo.framework in Frameworks */,
				C7214419297F50AD00BA6D38 /* ARVehicleDemo.framework in Frameworks */,
				C7214415297F50AD00BA6D38 /* ARShooterDemo.framework in Frameworks */,
				C721440B297F50AC00BA6D38 /* ARObjectRecognitionDemo.framework in Frameworks */,
				C72143FF297F50AC00BA6D38 /* ARDrawingDemo.framework in Frameworks */,
				C7214403297F50AC00BA6D38 /* ARHomeDemo.framework in Frameworks */,
			);
			runOnlyForDeploymentPostprocessing = 0;
		};
/* End PBXFrameworksBuildPhase section */

/* Begin PBXGroup section */
		C72143D4297F26EA00BA6D38 /* Frameworks */ = {
			isa = PBXGroup;
			children = (
				C72143E7297F50AC00BA6D38 /* ARDancingDemo.framework */,
				C72143E8297F50AC00BA6D38 /* ARDiceeDemo.framework */,
				C72143E9297F50AC00BA6D38 /* ARDrawingDemo.framework */,
				C72143EA297F50AC00BA6D38 /* ARFireballDemo.framework */,
				C72143EB297F50AC00BA6D38 /* ARHomeDemo.framework */,
				C72143EC297F50AC00BA6D38 /* ARHoopsDemo.framework */,
				C72143ED297F50AC00BA6D38 /* ARMeasuringDemo.framework */,
				C72143EE297F50AC00BA6D38 /* ARObjectDetectionDemo.framework */,
				C72143EF297F50AC00BA6D38 /* ARObjectRecognitionDemo.framework */,
				C72143F0297F50AC00BA6D38 /* ARPhysicallyBasedRenderingDemo.framework */,
				C72143F1297F50AC00BA6D38 /* ARPlacesDemo.framework */,
				C72143F2297F50AC00BA6D38 /* ARPlanetsDemo.framework */,
				C72143F3297F50AC00BA6D38 /* ARPortalDemo.framework */,
				C72143F4297F50AC00BA6D38 /* ARShooterDemo.framework */,
				C72143F5297F50AC00BA6D38 /* ARTelevisionDemo.framework */,
				C72143F6297F50AC00BA6D38 /* ARVehicleDemo.framework */,
				C72143F7297F50AC00BA6D38 /* FloorIsLavaDemo.framework */,
				C72143F8297F50AC00BA6D38 /* IKEADemo.framework */,
				C72143F9297F50AC00BA6D38 /* TossShapesDemo.framework */,
				C72143FA297F50AC00BA6D38 /* WackAJellyFishDemo.framework */,
				C72143D5297F26EA00BA6D38 /* AppCore.framework */,
			);
			name = Frameworks;
			sourceTree = "<group>";
		};
		C7DD3D3B2020D79B000B5543 = {
			isa = PBXGroup;
			children = (
				C7DD3D5B2020D825000B5543 /* AppCore.framework */,
				C7DD3D462020D79B000B5543 /* ARDemos */,
				C7DD3D452020D79B000B5543 /* Products */,
				C72143D4297F26EA00BA6D38 /* Frameworks */,
			);
			sourceTree = "<group>";
		};
		C7DD3D452020D79B000B5543 /* Products */ = {
			isa = PBXGroup;
			children = (
				C7DD3D442020D79B000B5543 /* ARDemos.app */,
			);
			name = Products;
			sourceTree = "<group>";
		};
		C7DD3D462020D79B000B5543 /* ARDemos */ = {
			isa = PBXGroup;
			children = (
				C7D6DC26204AF68A006666FF /* Scene.sks */,
				C7143D582021EF0D000923B9 /* art.scnassets */,
				C7DD3D472020D79B000B5543 /* AppDelegate.swift */,
				C7DD3D4B2020D79B000B5543 /* ARDemosViewController.swift */,
				C7DD3D4D2020D79B000B5543 /* Main.storyboard */,
				C7DD3D502020D79B000B5543 /* Assets.xcassets */,
				C7DD3D522020D79B000B5543 /* LaunchScreen.storyboard */,
				C7DD3D552020D79B000B5543 /* Info.plist */,
			);
			path = ARDemos;
			sourceTree = "<group>";
		};
/* End PBXGroup section */

/* Begin PBXNativeTarget section */
		C7DD3D432020D79B000B5543 /* ARDemos */ = {
			isa = PBXNativeTarget;
			buildConfigurationList = C7DD3D582020D79B000B5543 /* Build configuration list for PBXNativeTarget "ARDemos" */;
			buildPhases = (
				C7DD3D402020D79B000B5543 /* Sources */,
				C7DD3D412020D79B000B5543 /* Frameworks */,
				C7DD3D422020D79B000B5543 /* Resources */,
				C72143D8297F26EA00BA6D38 /* Embed Frameworks */,
			);
			buildRules = (
			);
			dependencies = (
			);
			name = ARDemos;
			productName = ARDemos;
			productReference = C7DD3D442020D79B000B5543 /* ARDemos.app */;
			productType = "com.apple.product-type.application";
		};
/* End PBXNativeTarget section */

/* Begin PBXProject section */
		C7DD3D3C2020D79B000B5543 /* Project object */ = {
			isa = PBXProject;
			attributes = {
				LastSwiftUpdateCheck = 0920;
				LastUpgradeCheck = 1420;
				ORGANIZATIONNAME = "Geo Games";
				TargetAttributes = {
					C7DD3D432020D79B000B5543 = {
						CreatedOnToolsVersion = 9.2;
						LastSwiftMigration = "";
						ProvisioningStyle = Automatic;
					};
				};
			};
			buildConfigurationList = C7DD3D3F2020D79B000B5543 /* Build configuration list for PBXProject "ARDemos" */;
			compatibilityVersion = "Xcode 8.0";
			developmentRegion = en;
			hasScannedForEncodings = 0;
			knownRegions = (
				en,
				Base,
			);
			mainGroup = C7DD3D3B2020D79B000B5543;
			packageReferences = (
			);
			productRefGroup = C7DD3D452020D79B000B5543 /* Products */;
			projectDirPath = "";
			projectRoot = "";
			targets = (
				C7DD3D432020D79B000B5543 /* ARDemos */,
			);
		};
/* End PBXProject section */

/* Begin PBXResourcesBuildPhase section */
		C7DD3D422020D79B000B5543 /* Resources */ = {
			isa = PBXResourcesBuildPhase;
			buildActionMask = 2147483647;
			files = (
				C7DD3D542020D79B000B5543 /* LaunchScreen.storyboard in Resources */,
				C7143D592021EF0D000923B9 /* art.scnassets in Resources */,
				C7DD3D512020D79B000B5543 /* Assets.xcassets in Resources */,
				C7DD3D4F2020D79B000B5543 /* Main.storyboard in Resources */,
			);
			runOnlyForDeploymentPostprocessing = 0;
		};
/* End PBXResourcesBuildPhase section */

/* Begin PBXSourcesBuildPhase section */
		C7DD3D402020D79B000B5543 /* Sources */ = {
			isa = PBXSourcesBuildPhase;
			buildActionMask = 2147483647;
			files = (
				C7DD3D4C2020D79B000B5543 /* ARDemosViewController.swift in Sources */,
				C7DD3D482020D79B000B5543 /* AppDelegate.swift in Sources */,
			);
			runOnlyForDeploymentPostprocessing = 0;
		};
/* End PBXSourcesBuildPhase section */

/* Begin PBXVariantGroup section */
		C7DD3D4D2020D79B000B5543 /* Main.storyboard */ = {
			isa = PBXVariantGroup;
			children = (
				C7DD3D4E2020D79B000B5543 /* Base */,
			);
			name = Main.storyboard;
			sourceTree = "<group>";
		};
		C7DD3D522020D79B000B5543 /* LaunchScreen.storyboard */ = {
			isa = PBXVariantGroup;
			children = (
				C7DD3D532020D79B000B5543 /* Base */,
			);
			name = LaunchScreen.storyboard;
			sourceTree = "<group>";
		};
/* End PBXVariantGroup section */

/* Begin XCBuildConfiguration section */
		C7DD3D562020D79B000B5543 /* Debug */ = {
			isa = XCBuildConfiguration;
			buildSettings = {
				ALWAYS_SEARCH_USER_PATHS = NO;
				CLANG_ANALYZER_NONNULL = YES;
				CLANG_ANALYZER_NUMBER_OBJECT_CONVERSION = YES_AGGRESSIVE;
				CLANG_CXX_LANGUAGE_STANDARD = "gnu++14";
				CLANG_CXX_LIBRARY = "libc++";
				CLANG_ENABLE_MODULES = YES;
				CLANG_ENABLE_OBJC_ARC = YES;
				CLANG_WARN_BLOCK_CAPTURE_AUTORELEASING = YES;
				CLANG_WARN_BOOL_CONVERSION = YES;
				CLANG_WARN_COMMA = YES;
				CLANG_WARN_CONSTANT_CONVERSION = YES;
				CLANG_WARN_DEPRECATED_OBJC_IMPLEMENTATIONS = YES;
				CLANG_WARN_DIRECT_OBJC_ISA_USAGE = YES_ERROR;
				CLANG_WARN_DOCUMENTATION_COMMENTS = YES;
				CLANG_WARN_EMPTY_BODY = YES;
				CLANG_WARN_ENUM_CONVERSION = YES;
				CLANG_WARN_INFINITE_RECURSION = YES;
				CLANG_WARN_INT_CONVERSION = YES;
				CLANG_WARN_NON_LITERAL_NULL_CONVERSION = YES;
				CLANG_WARN_OBJC_IMPLICIT_RETAIN_SELF = YES;
				CLANG_WARN_OBJC_LITERAL_CONVERSION = YES;
				CLANG_WARN_OBJC_ROOT_CLASS = YES_ERROR;
				CLANG_WARN_QUOTED_INCLUDE_IN_FRAMEWORK_HEADER = YES;
				CLANG_WARN_RANGE_LOOP_ANALYSIS = YES;
				CLANG_WARN_STRICT_PROTOTYPES = YES;
				CLANG_WARN_SUSPICIOUS_MOVE = YES;
				CLANG_WARN_UNGUARDED_AVAILABILITY = YES_AGGRESSIVE;
				CLANG_WARN_UNREACHABLE_CODE = YES;
				CLANG_WARN__DUPLICATE_METHOD_MATCH = YES;
				CODE_SIGN_IDENTITY = "iPhone Developer";
				COPY_PHASE_STRIP = NO;
				DEBUG_INFORMATION_FORMAT = dwarf;
				ENABLE_STRICT_OBJC_MSGSEND = YES;
				ENABLE_TESTABILITY = YES;
				GCC_C_LANGUAGE_STANDARD = gnu11;
				GCC_DYNAMIC_NO_PIC = NO;
				GCC_NO_COMMON_BLOCKS = YES;
				GCC_OPTIMIZATION_LEVEL = 0;
				GCC_PREPROCESSOR_DEFINITIONS = (
					"DEBUG=1",
					"$(inherited)",
				);
				GCC_WARN_64_TO_32_BIT_CONVERSION = YES;
				GCC_WARN_ABOUT_RETURN_TYPE = YES_ERROR;
				GCC_WARN_UNDECLARED_SELECTOR = YES;
				GCC_WARN_UNINITIALIZED_AUTOS = YES_AGGRESSIVE;
				GCC_WARN_UNUSED_FUNCTION = YES;
				GCC_WARN_UNUSED_VARIABLE = YES;
				IPHONEOS_DEPLOYMENT_TARGET = 12.0;
				MTL_ENABLE_DEBUG_INFO = YES;
				ONLY_ACTIVE_ARCH = YES;
				SDKROOT = iphoneos;
				SWIFT_ACTIVE_COMPILATION_CONDITIONS = DEBUG;
				SWIFT_OPTIMIZATION_LEVEL = "-Onone";
			};
			name = Debug;
		};
		C7DD3D572020D79B000B5543 /* Release */ = {
			isa = XCBuildConfiguration;
			buildSettings = {
				ALWAYS_SEARCH_USER_PATHS = NO;
				CLANG_ANALYZER_NONNULL = YES;
				CLANG_ANALYZER_NUMBER_OBJECT_CONVERSION = YES_AGGRESSIVE;
				CLANG_CXX_LANGUAGE_STANDARD = "gnu++14";
				CLANG_CXX_LIBRARY = "libc++";
				CLANG_ENABLE_MODULES = YES;
				CLANG_ENABLE_OBJC_ARC = YES;
				CLANG_WARN_BLOCK_CAPTURE_AUTORELEASING = YES;
				CLANG_WARN_BOOL_CONVERSION = YES;
				CLANG_WARN_COMMA = YES;
				CLANG_WARN_CONSTANT_CONVERSION = YES;
				CLANG_WARN_DEPRECATED_OBJC_IMPLEMENTATIONS = YES;
				CLANG_WARN_DIRECT_OBJC_ISA_USAGE = YES_ERROR;
				CLANG_WARN_DOCUMENTATION_COMMENTS = YES;
				CLANG_WARN_EMPTY_BODY = YES;
				CLANG_WARN_ENUM_CONVERSION = YES;
				CLANG_WARN_INFINITE_RECURSION = YES;
				CLANG_WARN_INT_CONVERSION = YES;
				CLANG_WARN_NON_LITERAL_NULL_CONVERSION = YES;
				CLANG_WARN_OBJC_IMPLICIT_RETAIN_SELF = YES;
				CLANG_WARN_OBJC_LITERAL_CONVERSION = YES;
				CLANG_WARN_OBJC_ROOT_CLASS = YES_ERROR;
				CLANG_WARN_QUOTED_INCLUDE_IN_FRAMEWORK_HEADER = YES;
				CLANG_WARN_RANGE_LOOP_ANALYSIS = YES;
				CLANG_WARN_STRICT_PROTOTYPES = YES;
				CLANG_WARN_SUSPICIOUS_MOVE = YES;
				CLANG_WARN_UNGUARDED_AVAILABILITY = YES_AGGRESSIVE;
				CLANG_WARN_UNREACHABLE_CODE = YES;
				CLANG_WARN__DUPLICATE_METHOD_MATCH = YES;
				CODE_SIGN_IDENTITY = "iPhone Developer";
				COPY_PHASE_STRIP = NO;
				DEBUG_INFORMATION_FORMAT = "dwarf-with-dsym";
				ENABLE_NS_ASSERTIONS = NO;
				ENABLE_STRICT_OBJC_MSGSEND = YES;
				GCC_C_LANGUAGE_STANDARD = gnu11;
				GCC_NO_COMMON_BLOCKS = YES;
				GCC_WARN_64_TO_32_BIT_CONVERSION = YES;
				GCC_WARN_ABOUT_RETURN_TYPE = YES_ERROR;
				GCC_WARN_UNDECLARED_SELECTOR = YES;
				GCC_WARN_UNINITIALIZED_AUTOS = YES_AGGRESSIVE;
				GCC_WARN_UNUSED_FUNCTION = YES;
				GCC_WARN_UNUSED_VARIABLE = YES;
				IPHONEOS_DEPLOYMENT_TARGET = 12.0;
				MTL_ENABLE_DEBUG_INFO = NO;
				SDKROOT = iphoneos;
				SWIFT_OPTIMIZATION_LEVEL = "-Owholemodule";
				VALIDATE_PRODUCT = YES;
			};
			name = Release;
		};
		C7DD3D592020D79B000B5543 /* Debug */ = {
			isa = XCBuildConfiguration;
			buildSettings = {
				ASSETCATALOG_COMPILER_APPICON_NAME = AppIcon;
				CODE_SIGN_IDENTITY = "iPhone Developer";
				CODE_SIGN_STYLE = Automatic;
				DEVELOPMENT_TEAM = TTRX47ZAU4;
				INFOPLIST_FILE = ARDemos/Info.plist;
				IPHONEOS_DEPLOYMENT_TARGET = 14.1;
				LD_RUNPATH_SEARCH_PATHS = "$(inherited) @executable_path/Frameworks";
				PRODUCT_BUNDLE_IDENTIFIER = "com.geo-games.ARDemos";
				PRODUCT_NAME = "$(TARGET_NAME)";
				PROVISIONING_PROFILE_SPECIFIER = "";
				SUPPORTED_PLATFORMS = "iphoneos iphonesimulator";
				SUPPORTS_MACCATALYST = NO;
				SUPPORTS_MAC_DESIGNED_FOR_IPHONE_IPAD = NO;
				SWIFT_SWIFT3_OBJC_INFERENCE = On;
				SWIFT_VERSION = 5.0;
				TARGETED_DEVICE_FAMILY = "1,2";
			};
			name = Debug;
		};
		C7DD3D5A2020D79B000B5543 /* Release */ = {
			isa = XCBuildConfiguration;
			buildSettings = {
				ASSETCATALOG_COMPILER_APPICON_NAME = AppIcon;
				CODE_SIGN_IDENTITY = "iPhone Developer";
				CODE_SIGN_STYLE = Automatic;
				DEVELOPMENT_TEAM = TTRX47ZAU4;
				INFOPLIST_FILE = ARDemos/Info.plist;
				IPHONEOS_DEPLOYMENT_TARGET = 14.1;
				LD_RUNPATH_SEARCH_PATHS = "$(inherited) @executable_path/Frameworks";
				PRODUCT_BUNDLE_IDENTIFIER = "com.geo-games.ARDemos";
				PRODUCT_NAME = "$(TARGET_NAME)";
				PROVISIONING_PROFILE_SPECIFIER = "";
				SUPPORTED_PLATFORMS = "iphoneos iphonesimulator";
				SUPPORTS_MACCATALYST = NO;
				SUPPORTS_MAC_DESIGNED_FOR_IPHONE_IPAD = NO;
				SWIFT_SWIFT3_OBJC_INFERENCE = On;
				SWIFT_VERSION = 5.0;
				TARGETED_DEVICE_FAMILY = "1,2";
			};
			name = Release;
		};
/* End XCBuildConfiguration section */

/* Begin XCConfigurationList section */
		C7DD3D3F2020D79B000B5543 /* Build configuration list for PBXProject "ARDemos" */ = {
			isa = XCConfigurationList;
			buildConfigurations = (
				C7DD3D562020D79B000B5543 /* Debug */,
				C7DD3D572020D79B000B5543 /* Release */,
			);
			defaultConfigurationIsVisible = 0;
			defaultConfigurationName = Release;
		};
		C7DD3D582020D79B000B5543 /* Build configuration list for PBXNativeTarget "ARDemos" */ = {
			isa = XCConfigurationList;
			buildConfigurations = (
				C7DD3D592020D79B000B5543 /* Debug */,
				C7DD3D5A2020D79B000B5543 /* Release */,
			);
			defaultConfigurationIsVisible = 0;
			defaultConfigurationName = Release;
		};
/* End XCConfigurationList section */
	};
	rootObject = C7DD3D3C2020D79B000B5543 /* Project object */;
}
