// !$*UTF8*$!
{
	archiveVersion = 1;
	classes = {
	};
	objectVersion = 48;
	objects = {

/* Begin PBXBuildFile section */
		C7143D592021EF0D000923B9 /* art.scnassets in Resources */ = {isa = PBXBuildFile; fileRef = C7143D582021EF0D000923B9 /* art.scnassets */; };
		C753D956202137D50027B094 /* WackAJellyFishDemo.framework in Frameworks */ = {isa = PBXBuildFile; fileRef = C753D955202137D50027B094 /* WackAJellyFishDemo.framework */; };
		C753D957202137D50027B094 /* WackAJellyFishDemo.framework in Embed Frameworks */ = {isa = PBXBuildFile; fileRef = C753D955202137D50027B094 /* WackAJellyFishDemo.framework */; settings = {ATTRIBUTES = (CodeSignOnCopy, RemoveHeadersOnCopy, ); }; };
		C753D9592021393B0027B094 /* Each.framework in Frameworks */ = {isa = PBXBuildFile; fileRef = C753D9582021393B0027B094 /* Each.framework */; };
		C753D95A2021393B0027B094 /* Each.framework in Embed Frameworks */ = {isa = PBXBuildFile; fileRef = C753D9582021393B0027B094 /* Each.framework */; settings = {ATTRIBUTES = (CodeSignOnCopy, RemoveHeadersOnCopy, ); }; };
		C75EBB732020DBEB00E484CE /* ARDrawingDemo.framework in Frameworks */ = {isa = PBXBuildFile; fileRef = C75EBB722020DBEB00E484CE /* ARDrawingDemo.framework */; };
		C75EBB742020DBEB00E484CE /* ARDrawingDemo.framework in Embed Frameworks */ = {isa = PBXBuildFile; fileRef = C75EBB722020DBEB00E484CE /* ARDrawingDemo.framework */; settings = {ATTRIBUTES = (CodeSignOnCopy, RemoveHeadersOnCopy, ); }; };
		C75EBB922020E38200E484CE /* ARPlanetsDemo.framework in Frameworks */ = {isa = PBXBuildFile; fileRef = C75EBB912020E38200E484CE /* ARPlanetsDemo.framework */; };
		C75EBB932020E38200E484CE /* ARPlanetsDemo.framework in Embed Frameworks */ = {isa = PBXBuildFile; fileRef = C75EBB912020E38200E484CE /* ARPlanetsDemo.framework */; settings = {ATTRIBUTES = (CodeSignOnCopy, RemoveHeadersOnCopy, ); }; };
		C7857B292021562500CE199E /* IKEADemo.framework in Frameworks */ = {isa = PBXBuildFile; fileRef = C7857B282021562500CE199E /* IKEADemo.framework */; };
		C7857B2A2021562500CE199E /* IKEADemo.framework in Embed Frameworks */ = {isa = PBXBuildFile; fileRef = C7857B282021562500CE199E /* IKEADemo.framework */; settings = {ATTRIBUTES = (CodeSignOnCopy, RemoveHeadersOnCopy, ); }; };
		C7857B402021594400CE199E /* ARMeasuringDemo.framework in Frameworks */ = {isa = PBXBuildFile; fileRef = C7857B3F2021594400CE199E /* ARMeasuringDemo.framework */; };
		C7857B412021594400CE199E /* ARMeasuringDemo.framework in Embed Frameworks */ = {isa = PBXBuildFile; fileRef = C7857B3F2021594400CE199E /* ARMeasuringDemo.framework */; settings = {ATTRIBUTES = (CodeSignOnCopy, RemoveHeadersOnCopy, ); }; };
		C7857B5920215BCD00CE199E /* ARPortalDemo.framework in Frameworks */ = {isa = PBXBuildFile; fileRef = C7857B5820215BCD00CE199E /* ARPortalDemo.framework */; };
		C7857B5A20215BCD00CE199E /* ARPortalDemo.framework in Embed Frameworks */ = {isa = PBXBuildFile; fileRef = C7857B5820215BCD00CE199E /* ARPortalDemo.framework */; settings = {ATTRIBUTES = (CodeSignOnCopy, RemoveHeadersOnCopy, ); }; };
		C7857B7220215E4500CE199E /* ARHoopsDemo.framework in Frameworks */ = {isa = PBXBuildFile; fileRef = C7857B7120215E4500CE199E /* ARHoopsDemo.framework */; };
		C7857B7320215E4500CE199E /* ARHoopsDemo.framework in Embed Frameworks */ = {isa = PBXBuildFile; fileRef = C7857B7120215E4500CE199E /* ARHoopsDemo.framework */; settings = {ATTRIBUTES = (CodeSignOnCopy, RemoveHeadersOnCopy, ); }; };
		C7857B8B2021650F00CE199E /* ARShooterDemo.framework in Frameworks */ = {isa = PBXBuildFile; fileRef = C7857B8A2021650F00CE199E /* ARShooterDemo.framework */; };
		C7857B8C2021650F00CE199E /* ARShooterDemo.framework in Embed Frameworks */ = {isa = PBXBuildFile; fileRef = C7857B8A2021650F00CE199E /* ARShooterDemo.framework */; settings = {ATTRIBUTES = (CodeSignOnCopy, RemoveHeadersOnCopy, ); }; };
		C7CFCA8620220BBC005CD6F5 /* FloorIsLavaDemo.framework in Frameworks */ = {isa = PBXBuildFile; fileRef = C7CFCA8520220BBC005CD6F5 /* FloorIsLavaDemo.framework */; };
		C7CFCA8720220BBC005CD6F5 /* FloorIsLavaDemo.framework in Embed Frameworks */ = {isa = PBXBuildFile; fileRef = C7CFCA8520220BBC005CD6F5 /* FloorIsLavaDemo.framework */; settings = {ATTRIBUTES = (CodeSignOnCopy, RemoveHeadersOnCopy, ); }; };
		C7CFCAC520221175005CD6F5 /* TossShapesDemo.framework in Frameworks */ = {isa = PBXBuildFile; fileRef = C7CFCAC420221175005CD6F5 /* TossShapesDemo.framework */; };
		C7CFCAC620221175005CD6F5 /* TossShapesDemo.framework in Embed Frameworks */ = {isa = PBXBuildFile; fileRef = C7CFCAC420221175005CD6F5 /* TossShapesDemo.framework */; settings = {ATTRIBUTES = (CodeSignOnCopy, RemoveHeadersOnCopy, ); }; };
		C7DD3D482020D79B000B5543 /* AppDelegate.swift in Sources */ = {isa = PBXBuildFile; fileRef = C7DD3D472020D79B000B5543 /* AppDelegate.swift */; };
		C7DD3D4C2020D79B000B5543 /* ARDemosViewController.swift in Sources */ = {isa = PBXBuildFile; fileRef = C7DD3D4B2020D79B000B5543 /* ARDemosViewController.swift */; };
		C7DD3D4F2020D79B000B5543 /* Main.storyboard in Resources */ = {isa = PBXBuildFile; fileRef = C7DD3D4D2020D79B000B5543 /* Main.storyboard */; };
		C7DD3D512020D79B000B5543 /* Assets.xcassets in Resources */ = {isa = PBXBuildFile; fileRef = C7DD3D502020D79B000B5543 /* Assets.xcassets */; };
		C7DD3D542020D79B000B5543 /* LaunchScreen.storyboard in Resources */ = {isa = PBXBuildFile; fileRef = C7DD3D522020D79B000B5543 /* LaunchScreen.storyboard */; };
		C7DD3D5C2020D825000B5543 /* AppCore.framework in Frameworks */ = {isa = PBXBuildFile; fileRef = C7DD3D5B2020D825000B5543 /* AppCore.framework */; };
		C7DD3D5D2020D825000B5543 /* AppCore.framework in Embed Frameworks */ = {isa = PBXBuildFile; fileRef = C7DD3D5B2020D825000B5543 /* AppCore.framework */; settings = {ATTRIBUTES = (CodeSignOnCopy, RemoveHeadersOnCopy, ); }; };
		C7DD3D602020D923000B5543 /* Chameleon.framework in Frameworks */ = {isa = PBXBuildFile; fileRef = C7DD3D5F2020D923000B5543 /* Chameleon.framework */; };
		C7DD3D612020D923000B5543 /* Chameleon.framework in Embed Frameworks */ = {isa = PBXBuildFile; fileRef = C7DD3D5F2020D923000B5543 /* Chameleon.framework */; settings = {ATTRIBUTES = (CodeSignOnCopy, RemoveHeadersOnCopy, ); }; };
/* End PBXBuildFile section */

/* Begin PBXCopyFilesBuildPhase section */
		C7DD3D5E2020D825000B5543 /* Embed Frameworks */ = {
			isa = PBXCopyFilesBuildPhase;
			buildActionMask = 2147483647;
			dstPath = "";
			dstSubfolderSpec = 10;
			files = (
				C7857B412021594400CE199E /* ARMeasuringDemo.framework in Embed Frameworks */,
				C7CFCAC620221175005CD6F5 /* TossShapesDemo.framework in Embed Frameworks */,
				C7857B2A2021562500CE199E /* IKEADemo.framework in Embed Frameworks */,
				C7857B7320215E4500CE199E /* ARHoopsDemo.framework in Embed Frameworks */,
				C75EBB742020DBEB00E484CE /* ARDrawingDemo.framework in Embed Frameworks */,
				C7857B8C2021650F00CE199E /* ARShooterDemo.framework in Embed Frameworks */,
				C7857B5A20215BCD00CE199E /* ARPortalDemo.framework in Embed Frameworks */,
				C7DD3D5D2020D825000B5543 /* AppCore.framework in Embed Frameworks */,
				C75EBB932020E38200E484CE /* ARPlanetsDemo.framework in Embed Frameworks */,
				C7CFCA8720220BBC005CD6F5 /* FloorIsLavaDemo.framework in Embed Frameworks */,
				C753D95A2021393B0027B094 /* Each.framework in Embed Frameworks */,
				C7DD3D612020D923000B5543 /* Chameleon.framework in Embed Frameworks */,
				C753D957202137D50027B094 /* WackAJellyFishDemo.framework in Embed Frameworks */,
			);
			name = "Embed Frameworks";
			runOnlyForDeploymentPostprocessing = 0;
		};
/* End PBXCopyFilesBuildPhase section */

/* Begin PBXFileReference section */
		C7143D582021EF0D000923B9 /* art.scnassets */ = {isa = PBXFileReference; lastKnownFileType = wrapper.scnassets; path = art.scnassets; sourceTree = "<group>"; };
		C753D955202137D50027B094 /* WackAJellyFishDemo.framework */ = {isa = PBXFileReference; explicitFileType = wrapper.framework; path = WackAJellyFishDemo.framework; sourceTree = BUILT_PRODUCTS_DIR; };
		C753D9582021393B0027B094 /* Each.framework */ = {isa = PBXFileReference; explicitFileType = wrapper.framework; path = Each.framework; sourceTree = BUILT_PRODUCTS_DIR; };
		C75EBB722020DBEB00E484CE /* ARDrawingDemo.framework */ = {isa = PBXFileReference; explicitFileType = wrapper.framework; path = ARDrawingDemo.framework; sourceTree = BUILT_PRODUCTS_DIR; };
		C75EBB912020E38200E484CE /* ARPlanetsDemo.framework */ = {isa = PBXFileReference; explicitFileType = wrapper.framework; path = ARPlanetsDemo.framework; sourceTree = BUILT_PRODUCTS_DIR; };
		C7857B282021562500CE199E /* IKEADemo.framework */ = {isa = PBXFileReference; explicitFileType = wrapper.framework; path = IKEADemo.framework; sourceTree = BUILT_PRODUCTS_DIR; };
		C7857B3F2021594400CE199E /* ARMeasuringDemo.framework */ = {isa = PBXFileReference; explicitFileType = wrapper.framework; path = ARMeasuringDemo.framework; sourceTree = BUILT_PRODUCTS_DIR; };
		C7857B5820215BCD00CE199E /* ARPortalDemo.framework */ = {isa = PBXFileReference; explicitFileType = wrapper.framework; path = ARPortalDemo.framework; sourceTree = BUILT_PRODUCTS_DIR; };
		C7857B7120215E4500CE199E /* ARHoopsDemo.framework */ = {isa = PBXFileReference; explicitFileType = wrapper.framework; path = ARHoopsDemo.framework; sourceTree = BUILT_PRODUCTS_DIR; };
		C7857B8A2021650F00CE199E /* ARShooterDemo.framework */ = {isa = PBXFileReference; explicitFileType = wrapper.framework; path = ARShooterDemo.framework; sourceTree = BUILT_PRODUCTS_DIR; };
		C7CFCA8520220BBC005CD6F5 /* FloorIsLavaDemo.framework */ = {isa = PBXFileReference; explicitFileType = wrapper.framework; path = FloorIsLavaDemo.framework; sourceTree = BUILT_PRODUCTS_DIR; };
		C7CFCAC420221175005CD6F5 /* TossShapesDemo.framework */ = {isa = PBXFileReference; explicitFileType = wrapper.framework; path = TossShapesDemo.framework; sourceTree = BUILT_PRODUCTS_DIR; };
		C7DD3D442020D79B000B5543 /* ARDemos.app */ = {isa = PBXFileReference; explicitFileType = wrapper.application; includeInIndex = 0; path = ARDemos.app; sourceTree = BUILT_PRODUCTS_DIR; };
		C7DD3D472020D79B000B5543 /* AppDelegate.swift */ = {isa = PBXFileReference; lastKnownFileType = sourcecode.swift; path = AppDelegate.swift; sourceTree = "<group>"; };
		C7DD3D4B2020D79B000B5543 /* ARDemosViewController.swift */ = {isa = PBXFileReference; lastKnownFileType = sourcecode.swift; path = ARDemosViewController.swift; sourceTree = "<group>"; };
		C7DD3D4E2020D79B000B5543 /* Base */ = {isa = PBXFileReference; lastKnownFileType = file.storyboard; name = Base; path = Base.lproj/Main.storyboard; sourceTree = "<group>"; };
		C7DD3D502020D79B000B5543 /* Assets.xcassets */ = {isa = PBXFileReference; lastKnownFileType = folder.assetcatalog; path = Assets.xcassets; sourceTree = "<group>"; };
		C7DD3D532020D79B000B5543 /* Base */ = {isa = PBXFileReference; lastKnownFileType = file.storyboard; name = Base; path = Base.lproj/LaunchScreen.storyboard; sourceTree = "<group>"; };
		C7DD3D552020D79B000B5543 /* Info.plist */ = {isa = PBXFileReference; lastKnownFileType = text.plist.xml; path = Info.plist; sourceTree = "<group>"; };
		C7DD3D5B2020D825000B5543 /* AppCore.framework */ = {isa = PBXFileReference; explicitFileType = wrapper.framework; path = AppCore.framework; sourceTree = BUILT_PRODUCTS_DIR; };
		C7DD3D5F2020D923000B5543 /* Chameleon.framework */ = {isa = PBXFileReference; explicitFileType = wrapper.framework; path = Chameleon.framework; sourceTree = BUILT_PRODUCTS_DIR; };
/* End PBXFileReference section */

/* Begin PBXFrameworksBuildPhase section */
		C7DD3D412020D79B000B5543 /* Frameworks */ = {
			isa = PBXFrameworksBuildPhase;
			buildActionMask = 2147483647;
			files = (
				C7857B402021594400CE199E /* ARMeasuringDemo.framework in Frameworks */,
				C7CFCAC520221175005CD6F5 /* TossShapesDemo.framework in Frameworks */,
				C7857B292021562500CE199E /* IKEADemo.framework in Frameworks */,
				C7857B7220215E4500CE199E /* ARHoopsDemo.framework in Frameworks */,
				C75EBB732020DBEB00E484CE /* ARDrawingDemo.framework in Frameworks */,
				C7857B8B2021650F00CE199E /* ARShooterDemo.framework in Frameworks */,
				C7857B5920215BCD00CE199E /* ARPortalDemo.framework in Frameworks */,
				C7DD3D5C2020D825000B5543 /* AppCore.framework in Frameworks */,
				C75EBB922020E38200E484CE /* ARPlanetsDemo.framework in Frameworks */,
				C7CFCA8620220BBC005CD6F5 /* FloorIsLavaDemo.framework in Frameworks */,
				C753D9592021393B0027B094 /* Each.framework in Frameworks */,
				C7DD3D602020D923000B5543 /* Chameleon.framework in Frameworks */,
				C753D956202137D50027B094 /* WackAJellyFishDemo.framework in Frameworks */,
			);
			runOnlyForDeploymentPostprocessing = 0;
		};
/* End PBXFrameworksBuildPhase section */

/* Begin PBXGroup section */
		C7DD3D3B2020D79B000B5543 = {
			isa = PBXGroup;
			children = (
				C7CFCAC420221175005CD6F5 /* TossShapesDemo.framework */,
				C7CFCA8520220BBC005CD6F5 /* FloorIsLavaDemo.framework */,
				C7857B8A2021650F00CE199E /* ARShooterDemo.framework */,
				C7857B7120215E4500CE199E /* ARHoopsDemo.framework */,
				C7857B5820215BCD00CE199E /* ARPortalDemo.framework */,
				C7857B3F2021594400CE199E /* ARMeasuringDemo.framework */,
				C7857B282021562500CE199E /* IKEADemo.framework */,
				C753D9582021393B0027B094 /* Each.framework */,
				C753D955202137D50027B094 /* WackAJellyFishDemo.framework */,
				C75EBB912020E38200E484CE /* ARPlanetsDemo.framework */,
				C75EBB722020DBEB00E484CE /* ARDrawingDemo.framework */,
				C7DD3D5F2020D923000B5543 /* Chameleon.framework */,
				C7DD3D5B2020D825000B5543 /* AppCore.framework */,
				C7DD3D462020D79B000B5543 /* ARDemos */,
				C7DD3D452020D79B000B5543 /* Products */,
			);
			sourceTree = "<group>";
		};
		C7DD3D452020D79B000B5543 /* Products */ = {
			isa = PBXGroup;
			children = (
				C7DD3D442020D79B000B5543 /* ARDemos.app */,
			);
			name = Products;
			sourceTree = "<group>";
		};
		C7DD3D462020D79B000B5543 /* ARDemos */ = {
			isa = PBXGroup;
			children = (
				C7143D582021EF0D000923B9 /* art.scnassets */,
				C7DD3D472020D79B000B5543 /* AppDelegate.swift */,
				C7DD3D4B2020D79B000B5543 /* ARDemosViewController.swift */,
				C7DD3D4D2020D79B000B5543 /* Main.storyboard */,
				C7DD3D502020D79B000B5543 /* Assets.xcassets */,
				C7DD3D522020D79B000B5543 /* LaunchScreen.storyboard */,
				C7DD3D552020D79B000B5543 /* Info.plist */,
			);
			path = ARDemos;
			sourceTree = "<group>";
		};
/* End PBXGroup section */

/* Begin PBXNativeTarget section */
		C7DD3D432020D79B000B5543 /* ARDemos */ = {
			isa = PBXNativeTarget;
			buildConfigurationList = C7DD3D582020D79B000B5543 /* Build configuration list for PBXNativeTarget "ARDemos" */;
			buildPhases = (
				C7DD3D402020D79B000B5543 /* Sources */,
				C7DD3D412020D79B000B5543 /* Frameworks */,
				C7DD3D422020D79B000B5543 /* Resources */,
				C7DD3D5E2020D825000B5543 /* Embed Frameworks */,
			);
			buildRules = (
			);
			dependencies = (
			);
			name = ARDemos;
			productName = ARDemos;
			productReference = C7DD3D442020D79B000B5543 /* ARDemos.app */;
			productType = "com.apple.product-type.application";
		};
/* End PBXNativeTarget section */

/* Begin PBXProject section */
		C7DD3D3C2020D79B000B5543 /* Project object */ = {
			isa = PBXProject;
			attributes = {
				LastSwiftUpdateCheck = 0920;
				LastUpgradeCheck = 0920;
				ORGANIZATIONNAME = "Geo Games";
				TargetAttributes = {
					C7DD3D432020D79B000B5543 = {
						CreatedOnToolsVersion = 9.2;
						ProvisioningStyle = Automatic;
					};
				};
			};
			buildConfigurationList = C7DD3D3F2020D79B000B5543 /* Build configuration list for PBXProject "ARDemos" */;
			compatibilityVersion = "Xcode 8.0";
			developmentRegion = en;
			hasScannedForEncodings = 0;
			knownRegions = (
				en,
				Base,
			);
			mainGroup = C7DD3D3B2020D79B000B5543;
			productRefGroup = C7DD3D452020D79B000B5543 /* Products */;
			projectDirPath = "";
			projectRoot = "";
			targets = (
				C7DD3D432020D79B000B5543 /* ARDemos */,
			);
		};
/* End PBXProject section */

/* Begin PBXResourcesBuildPhase section */
		C7DD3D422020D79B000B5543 /* Resources */ = {
			isa = PBXResourcesBuildPhase;
			buildActionMask = 2147483647;
			files = (
				C7DD3D542020D79B000B5543 /* LaunchScreen.storyboard in Resources */,
				C7143D592021EF0D000923B9 /* art.scnassets in Resources */,
				C7DD3D512020D79B000B5543 /* Assets.xcassets in Resources */,
				C7DD3D4F2020D79B000B5543 /* Main.storyboard in Resources */,
			);
			runOnlyForDeploymentPostprocessing = 0;
		};
/* End PBXResourcesBuildPhase section */

/* Begin PBXSourcesBuildPhase section */
		C7DD3D402020D79B000B5543 /* Sources */ = {
			isa = PBXSourcesBuildPhase;
			buildActionMask = 2147483647;
			files = (
				C7DD3D4C2020D79B000B5543 /* ARDemosViewController.swift in Sources */,
				C7DD3D482020D79B000B5543 /* AppDelegate.swift in Sources */,
			);
			runOnlyForDeploymentPostprocessing = 0;
		};
/* End PBXSourcesBuildPhase section */

/* Begin PBXVariantGroup section */
		C7DD3D4D2020D79B000B5543 /* Main.storyboard */ = {
			isa = PBXVariantGroup;
			children = (
				C7DD3D4E2020D79B000B5543 /* Base */,
			);
			name = Main.storyboard;
			sourceTree = "<group>";
		};
		C7DD3D522020D79B000B5543 /* LaunchScreen.storyboard */ = {
			isa = PBXVariantGroup;
			children = (
				C7DD3D532020D79B000B5543 /* Base */,
			);
			name = LaunchScreen.storyboard;
			sourceTree = "<group>";
		};
/* End PBXVariantGroup section */

/* Begin XCBuildConfiguration section */
		C7DD3D562020D79B000B5543 /* Debug */ = {
			isa = XCBuildConfiguration;
			buildSettings = {
				ALWAYS_SEARCH_USER_PATHS = NO;
				CLANG_ANALYZER_NONNULL = YES;
				CLANG_ANALYZER_NUMBER_OBJECT_CONVERSION = YES_AGGRESSIVE;
				CLANG_CXX_LANGUAGE_STANDARD = "gnu++14";
				CLANG_CXX_LIBRARY = "libc++";
				CLANG_ENABLE_MODULES = YES;
				CLANG_ENABLE_OBJC_ARC = YES;
				CLANG_WARN_BLOCK_CAPTURE_AUTORELEASING = YES;
				CLANG_WARN_BOOL_CONVERSION = YES;
				CLANG_WARN_COMMA = YES;
				CLANG_WARN_CONSTANT_CONVERSION = YES;
				CLANG_WARN_DIRECT_OBJC_ISA_USAGE = YES_ERROR;
				CLANG_WARN_DOCUMENTATION_COMMENTS = YES;
				CLANG_WARN_EMPTY_BODY = YES;
				CLANG_WARN_ENUM_CONVERSION = YES;
				CLANG_WARN_INFINITE_RECURSION = YES;
				CLANG_WARN_INT_CONVERSION = YES;
				CLANG_WARN_NON_LITERAL_NULL_CONVERSION = YES;
				CLANG_WARN_OBJC_LITERAL_CONVERSION = YES;
				CLANG_WARN_OBJC_ROOT_CLASS = YES_ERROR;
				CLANG_WARN_RANGE_LOOP_ANALYSIS = YES;
				CLANG_WARN_STRICT_PROTOTYPES = YES;
				CLANG_WARN_SUSPICIOUS_MOVE = YES;
				CLANG_WARN_UNGUARDED_AVAILABILITY = YES_AGGRESSIVE;
				CLANG_WARN_UNREACHABLE_CODE = YES;
				CLANG_WARN__DUPLICATE_METHOD_MATCH = YES;
				CODE_SIGN_IDENTITY = "iPhone Developer";
				COPY_PHASE_STRIP = NO;
				DEBUG_INFORMATION_FORMAT = dwarf;
				ENABLE_STRICT_OBJC_MSGSEND = YES;
				ENABLE_TESTABILITY = YES;
				GCC_C_LANGUAGE_STANDARD = gnu11;
				GCC_DYNAMIC_NO_PIC = NO;
				GCC_NO_COMMON_BLOCKS = YES;
				GCC_OPTIMIZATION_LEVEL = 0;
				GCC_PREPROCESSOR_DEFINITIONS = (
					"DEBUG=1",
					"$(inherited)",
				);
				GCC_WARN_64_TO_32_BIT_CONVERSION = YES;
				GCC_WARN_ABOUT_RETURN_TYPE = YES_ERROR;
				GCC_WARN_UNDECLARED_SELECTOR = YES;
				GCC_WARN_UNINITIALIZED_AUTOS = YES_AGGRESSIVE;
				GCC_WARN_UNUSED_FUNCTION = YES;
				GCC_WARN_UNUSED_VARIABLE = YES;
				IPHONEOS_DEPLOYMENT_TARGET = 11.2;
				MTL_ENABLE_DEBUG_INFO = YES;
				ONLY_ACTIVE_ARCH = YES;
				SDKROOT = iphoneos;
				SWIFT_ACTIVE_COMPILATION_CONDITIONS = DEBUG;
				SWIFT_OPTIMIZATION_LEVEL = "-Onone";
			};
			name = Debug;
		};
		C7DD3D572020D79B000B5543 /* Release */ = {
			isa = XCBuildConfiguration;
			buildSettings = {
				ALWAYS_SEARCH_USER_PATHS = NO;
				CLANG_ANALYZER_NONNULL = YES;
				CLANG_ANALYZER_NUMBER_OBJECT_CONVERSION = YES_AGGRESSIVE;
				CLANG_CXX_LANGUAGE_STANDARD = "gnu++14";
				CLANG_CXX_LIBRARY = "libc++";
				CLANG_ENABLE_MODULES = YES;
				CLANG_ENABLE_OBJC_ARC = YES;
				CLANG_WARN_BLOCK_CAPTURE_AUTORELEASING = YES;
				CLANG_WARN_BOOL_CONVERSION = YES;
				CLANG_WARN_COMMA = YES;
				CLANG_WARN_CONSTANT_CONVERSION = YES;
				CLANG_WARN_DIRECT_OBJC_ISA_USAGE = YES_ERROR;
				CLANG_WARN_DOCUMENTATION_COMMENTS = YES;
				CLANG_WARN_EMPTY_BODY = YES;
				CLANG_WARN_ENUM_CONVERSION = YES;
				CLANG_WARN_INFINITE_RECURSION = YES;
				CLANG_WARN_INT_CONVERSION = YES;
				CLANG_WARN_NON_LITERAL_NULL_CONVERSION = YES;
				CLANG_WARN_OBJC_LITERAL_CONVERSION = YES;
				CLANG_WARN_OBJC_ROOT_CLASS = YES_ERROR;
				CLANG_WARN_RANGE_LOOP_ANALYSIS = YES;
				CLANG_WARN_STRICT_PROTOTYPES = YES;
				CLANG_WARN_SUSPICIOUS_MOVE = YES;
				CLANG_WARN_UNGUARDED_AVAILABILITY = YES_AGGRESSIVE;
				CLANG_WARN_UNREACHABLE_CODE = YES;
				CLANG_WARN__DUPLICATE_METHOD_MATCH = YES;
				CODE_SIGN_IDENTITY = "iPhone Developer";
				COPY_PHASE_STRIP = NO;
				DEBUG_INFORMATION_FORMAT = "dwarf-with-dsym";
				ENABLE_NS_ASSERTIONS = NO;
				ENABLE_STRICT_OBJC_MSGSEND = YES;
				GCC_C_LANGUAGE_STANDARD = gnu11;
				GCC_NO_COMMON_BLOCKS = YES;
				GCC_WARN_64_TO_32_BIT_CONVERSION = YES;
				GCC_WARN_ABOUT_RETURN_TYPE = YES_ERROR;
				GCC_WARN_UNDECLARED_SELECTOR = YES;
				GCC_WARN_UNINITIALIZED_AUTOS = YES_AGGRESSIVE;
				GCC_WARN_UNUSED_FUNCTION = YES;
				GCC_WARN_UNUSED_VARIABLE = YES;
				IPHONEOS_DEPLOYMENT_TARGET = 11.2;
				MTL_ENABLE_DEBUG_INFO = NO;
				SDKROOT = iphoneos;
				SWIFT_OPTIMIZATION_LEVEL = "-Owholemodule";
				VALIDATE_PRODUCT = YES;
			};
			name = Release;
		};
		C7DD3D592020D79B000B5543 /* Debug */ = {
			isa = XCBuildConfiguration;
			buildSettings = {
				ASSETCATALOG_COMPILER_APPICON_NAME = AppIcon;
				CODE_SIGN_STYLE = Automatic;
				DEVELOPMENT_TEAM = FDAK5XPRG7;
				INFOPLIST_FILE = ARDemos/Info.plist;
				LD_RUNPATH_SEARCH_PATHS = "$(inherited) @executable_path/Frameworks";
				PRODUCT_BUNDLE_IDENTIFIER = "com.geo-games.ARDemos";
				PRODUCT_NAME = "$(TARGET_NAME)";
				SWIFT_VERSION = 4.0;
				TARGETED_DEVICE_FAMILY = "1,2";
			};
			name = Debug;
		};
		C7DD3D5A2020D79B000B5543 /* Release */ = {
			isa = XCBuildConfiguration;
			buildSettings = {
				ASSETCATALOG_COMPILER_APPICON_NAME = AppIcon;
				CODE_SIGN_STYLE = Automatic;
				DEVELOPMENT_TEAM = FDAK5XPRG7;
				INFOPLIST_FILE = ARDemos/Info.plist;
				LD_RUNPATH_SEARCH_PATHS = "$(inherited) @executable_path/Frameworks";
				PRODUCT_BUNDLE_IDENTIFIER = "com.geo-games.ARDemos";
				PRODUCT_NAME = "$(TARGET_NAME)";
				SWIFT_VERSION = 4.0;
				TARGETED_DEVICE_FAMILY = "1,2";
			};
			name = Release;
		};
/* End XCBuildConfiguration section */

/* Begin XCConfigurationList section */
		C7DD3D3F2020D79B000B5543 /* Build configuration list for PBXProject "ARDemos" */ = {
			isa = XCConfigurationList;
			buildConfigurations = (
				C7DD3D562020D79B000B5543 /* Debug */,
				C7DD3D572020D79B000B5543 /* Release */,
			);
			defaultConfigurationIsVisible = 0;
			defaultConfigurationName = Release;
		};
		C7DD3D582020D79B000B5543 /* Build configuration list for PBXNativeTarget "ARDemos" */ = {
			isa = XCConfigurationList;
			buildConfigurations = (
				C7DD3D592020D79B000B5543 /* Debug */,
				C7DD3D5A2020D79B000B5543 /* Release */,
			);
			defaultConfigurationIsVisible = 0;
			defaultConfigurationName = Release;
		};
/* End XCConfigurationList section */
	};
	rootObject = C7DD3D3C2020D79B000B5543 /* Project object */;
}
