// !$*UTF8*$!
{
	archiveVersion = 1;
	classes = {
	};
	objectVersion = 46;
	objects = {

/* Begin PBXBuildFile section */
		1137ED1F1F09BE0800F1A96E /* VirtualObjects.json in Resources */ = {isa = PBXBuildFile; fileRef = 1137ED1E1F09BE0800F1A96E /* VirtualObjects.json */; };
		11BD822A1F09D750003F11C8 /* ViewController+ObjectSelection.swift in Sources */ = {isa = PBXBuildFile; fileRef = 147D76491EFC36070000FEBF /* ViewController+ObjectSelection.swift */; };
		147062641F06FA790003EE03 /* VirtualObjectSelectionViewController.swift in Sources */ = {isa = PBXBuildFile; fileRef = 147062631F06FA790003EE03 /* VirtualObjectSelectionViewController.swift */; };
		1488323F1EFC378A0043E0AB /* ViewController+Actions.swift in Sources */ = {isa = PBXBuildFile; fileRef = 1488323E1EFC378A0043E0AB /* ViewController+Actions.swift */; };
		148832411EFC3B250043E0AB /* FocusSquareSegment.swift in Sources */ = {isa = PBXBuildFile; fileRef = 148832401EFC3B250043E0AB /* FocusSquareSegment.swift */; };
		148832431EFC3BE00043E0AB /* SingleFingerGesture.swift in Sources */ = {isa = PBXBuildFile; fileRef = 148832421EFC3BE00043E0AB /* SingleFingerGesture.swift */; };
		148832451EFC3C160043E0AB /* TwoFingerGesture.swift in Sources */ = {isa = PBXBuildFile; fileRef = 148832441EFC3C160043E0AB /* TwoFingerGesture.swift */; };
		148832491EFC3E520043E0AB /* ARSCNView+HitTests.swift in Sources */ = {isa = PBXBuildFile; fileRef = 148832481EFC3E520043E0AB /* ARSCNView+HitTests.swift */; };
		3929C48C1E89EC2C00E00B60 /* AppDelegate.swift in Sources */ = {isa = PBXBuildFile; fileRef = 3929C48B1E89EC2C00E00B60 /* AppDelegate.swift */; };
		3929C48E1E89EC2C00E00B60 /* ViewController.swift in Sources */ = {isa = PBXBuildFile; fileRef = 3929C48D1E89EC2C00E00B60 /* ViewController.swift */; };
		3929C4911E89EC2C00E00B60 /* Main.storyboard in Resources */ = {isa = PBXBuildFile; fileRef = 3929C48F1E89EC2C00E00B60 /* Main.storyboard */; };
		3929C4931E89EC2C00E00B60 /* Assets.xcassets in Resources */ = {isa = PBXBuildFile; fileRef = 3929C4921E89EC2C00E00B60 /* Assets.xcassets */; };
		3929C49F1E89EE4400E00B60 /* Models.scnassets in Resources */ = {isa = PBXBuildFile; fileRef = 3929C49E1E89EE4400E00B60 /* Models.scnassets */; };
		392BB82C1EA19A7C00FBBAC8 /* Plane.swift in Sources */ = {isa = PBXBuildFile; fileRef = 392BB82B1EA19A7C00FBBAC8 /* Plane.swift */; };
		3987BEDC1E9E057F00167FAC /* Gesture.swift in Sources */ = {isa = PBXBuildFile; fileRef = 3987BEDB1E9E057F00167FAC /* Gesture.swift */; };
		39C0B9591E9C6B1F003FCA0C /* SettingsViewController.swift in Sources */ = {isa = PBXBuildFile; fileRef = 39C0B9571E9C6B1F003FCA0C /* SettingsViewController.swift */; };
		39C0B95A1E9C6B1F003FCA0C /* Utilities.swift in Sources */ = {isa = PBXBuildFile; fileRef = 39C0B9581E9C6B1F003FCA0C /* Utilities.swift */; };
		39D8DC1B1E8ADAE600386B05 /* LaunchScreen.storyboard in Resources */ = {isa = PBXBuildFile; fileRef = 39D8DC1A1E8ADAE600386B05 /* LaunchScreen.storyboard */; };
		C41366B91EB80DD400EC054A /* TextManager.swift in Sources */ = {isa = PBXBuildFile; fileRef = C41366B81EB80DD400EC054A /* TextManager.swift */; };
		C42A71BD1E9C0AF200944367 /* FocusSquare.swift in Sources */ = {isa = PBXBuildFile; fileRef = C42A71BC1E9C0AF200944367 /* FocusSquare.swift */; };
		C46356671EF9CC500080C8D9 /* SceneExtensions.swift in Sources */ = {isa = PBXBuildFile; fileRef = C46356661EF9CC480080C8D9 /* SceneExtensions.swift */; };
		C46356681EF9CC530080C8D9 /* VirtualObjectManager.swift in Sources */ = {isa = PBXBuildFile; fileRef = C46356651EF9CB1A0080C8D9 /* VirtualObjectManager.swift */; };
		C4E87DD91EA6B40F002117D6 /* VirtualObject.swift in Sources */ = {isa = PBXBuildFile; fileRef = C4E87DD81EA6B40F002117D6 /* VirtualObject.swift */; };
/* End PBXBuildFile section */

/* Begin PBXFileReference section */
		11063F3B1EBE651B0033EE6D /* README.md */ = {isa = PBXFileReference; lastKnownFileType = net.daringfireball.markdown; path = README.md; sourceTree = "<group>"; };
		1137ED1E1F09BE0800F1A96E /* VirtualObjects.json */ = {isa = PBXFileReference; lastKnownFileType = text.json; path = VirtualObjects.json; sourceTree = "<group>"; };
		147062631F06FA790003EE03 /* VirtualObjectSelectionViewController.swift */ = {isa = PBXFileReference; lastKnownFileType = sourcecode.swift; path = VirtualObjectSelectionViewController.swift; sourceTree = "<group>"; };
		147D76491EFC36070000FEBF /* ViewController+ObjectSelection.swift */ = {isa = PBXFileReference; lastKnownFileType = sourcecode.swift; path = "ViewController+ObjectSelection.swift"; sourceTree = "<group>"; };
		1488323E1EFC378A0043E0AB /* ViewController+Actions.swift */ = {isa = PBXFileReference; lastKnownFileType = sourcecode.swift; path = "ViewController+Actions.swift"; sourceTree = "<group>"; };
		148832401EFC3B250043E0AB /* FocusSquareSegment.swift */ = {isa = PBXFileReference; lastKnownFileType = sourcecode.swift; path = FocusSquareSegment.swift; sourceTree = "<group>"; };
		148832421EFC3BE00043E0AB /* SingleFingerGesture.swift */ = {isa = PBXFileReference; lastKnownFileType = sourcecode.swift; path = SingleFingerGesture.swift; sourceTree = "<group>"; };
		148832441EFC3C160043E0AB /* TwoFingerGesture.swift */ = {isa = PBXFileReference; lastKnownFileType = sourcecode.swift; path = TwoFingerGesture.swift; sourceTree = "<group>"; };
		148832481EFC3E520043E0AB /* ARSCNView+HitTests.swift */ = {isa = PBXFileReference; lastKnownFileType = sourcecode.swift; path = "ARSCNView+HitTests.swift"; sourceTree = "<group>"; };
		3929C4881E89EC2C00E00B60 /* ARKitExample.app */ = {isa = PBXFileReference; explicitFileType = wrapper.application; includeInIndex = 0; path = ARKitExample.app; sourceTree = BUILT_PRODUCTS_DIR; };
		3929C48B1E89EC2C00E00B60 /* AppDelegate.swift */ = {isa = PBXFileReference; lastKnownFileType = sourcecode.swift; path = AppDelegate.swift; sourceTree = "<group>"; };
		3929C48D1E89EC2C00E00B60 /* ViewController.swift */ = {isa = PBXFileReference; lastKnownFileType = sourcecode.swift; path = ViewController.swift; sourceTree = "<group>"; };
		3929C4901E89EC2C00E00B60 /* Base */ = {isa = PBXFileReference; lastKnownFileType = file.storyboard; name = Base; path = Base.lproj/Main.storyboard; sourceTree = "<group>"; };
		3929C4921E89EC2C00E00B60 /* Assets.xcassets */ = {isa = PBXFileReference; lastKnownFileType = folder.assetcatalog; path = Assets.xcassets; sourceTree = "<group>"; };
		3929C4971E89EC2C00E00B60 /* Info.plist */ = {isa = PBXFileReference; lastKnownFileType = text.plist.xml; path = Info.plist; sourceTree = "<group>"; };
		3929C49E1E89EE4400E00B60 /* Models.scnassets */ = {isa = PBXFileReference; lastKnownFileType = wrapper.scnassets; path = Models.scnassets; sourceTree = "<group>"; };
		392BB82B1EA19A7C00FBBAC8 /* Plane.swift */ = {isa = PBXFileReference; fileEncoding = 4; lastKnownFileType = sourcecode.swift; path = Plane.swift; sourceTree = "<group>"; };
		3987BEDB1E9E057F00167FAC /* Gesture.swift */ = {isa = PBXFileReference; fileEncoding = 4; lastKnownFileType = sourcecode.swift; path = Gesture.swift; sourceTree = "<group>"; };
		39C0B9571E9C6B1F003FCA0C /* SettingsViewController.swift */ = {isa = PBXFileReference; fileEncoding = 4; lastKnownFileType = sourcecode.swift; path = SettingsViewController.swift; sourceTree = "<group>"; };
		39C0B9581E9C6B1F003FCA0C /* Utilities.swift */ = {isa = PBXFileReference; fileEncoding = 4; lastKnownFileType = sourcecode.swift; path = Utilities.swift; sourceTree = "<group>"; };
		39D8DC1A1E8ADAE600386B05 /* LaunchScreen.storyboard */ = {isa = PBXFileReference; fileEncoding = 4; lastKnownFileType = file.storyboard; path = LaunchScreen.storyboard; sourceTree = "<group>"; };
		C07A477172D99C90CD79D3A6 /* SampleCode.xcconfig */ = {isa = PBXFileReference; includeInIndex = 1; lastKnownFileType = text.xcconfig; name = SampleCode.xcconfig; path = Configuration/SampleCode.xcconfig; sourceTree = "<group>"; };
		C41366B81EB80DD400EC054A /* TextManager.swift */ = {isa = PBXFileReference; lastKnownFileType = sourcecode.swift; path = TextManager.swift; sourceTree = "<group>"; };
		C42A71BC1E9C0AF200944367 /* FocusSquare.swift */ = {isa = PBXFileReference; fileEncoding = 4; lastKnownFileType = sourcecode.swift; path = FocusSquare.swift; sourceTree = "<group>"; };
		C46356651EF9CB1A0080C8D9 /* VirtualObjectManager.swift */ = {isa = PBXFileReference; lastKnownFileType = sourcecode.swift; path = VirtualObjectManager.swift; sourceTree = "<group>"; };
		C46356661EF9CC480080C8D9 /* SceneExtensions.swift */ = {isa = PBXFileReference; lastKnownFileType = sourcecode.swift; path = SceneExtensions.swift; sourceTree = "<group>"; };
		C4E87DD81EA6B40F002117D6 /* VirtualObject.swift */ = {isa = PBXFileReference; fileEncoding = 4; lastKnownFileType = sourcecode.swift; name = VirtualObject.swift; path = ../VirtualObject.swift; sourceTree = "<group>"; };
		E605C5746C0A772D22D8A257 /* LICENSE.txt */ = {isa = PBXFileReference; includeInIndex = 1; lastKnownFileType = text; path = LICENSE.txt; sourceTree = "<group>"; };
/* End PBXFileReference section */

/* Begin PBXFrameworksBuildPhase section */
		3929C4851E89EC2C00E00B60 /* Frameworks */ = {
			isa = PBXFrameworksBuildPhase;
			buildActionMask = 2147483647;
			files = (
			);
			runOnlyForDeploymentPostprocessing = 0;
		};
/* End PBXFrameworksBuildPhase section */

/* Begin PBXGroup section */
		113B64D01ECA81CA0071CBD1 /* UI Elements */ = {
			isa = PBXGroup;
			children = (
				392BB82B1EA19A7C00FBBAC8 /* Plane.swift */,
				148832461EFC3C970043E0AB /* Gestures */,
				148832471EFC3C9F0043E0AB /* Focus Squares */,
			);
			path = "UI Elements";
			sourceTree = "<group>";
		};
		148832461EFC3C970043E0AB /* Gestures */ = {
			isa = PBXGroup;
			children = (
				3987BEDB1E9E057F00167FAC /* Gesture.swift */,
				148832421EFC3BE00043E0AB /* SingleFingerGesture.swift */,
				148832441EFC3C160043E0AB /* TwoFingerGesture.swift */,
			);
			path = Gestures;
			sourceTree = "<group>";
		};
		148832471EFC3C9F0043E0AB /* Focus Squares */ = {
			isa = PBXGroup;
			children = (
				C42A71BC1E9C0AF200944367 /* FocusSquare.swift */,
				148832401EFC3B250043E0AB /* FocusSquareSegment.swift */,
			);
			path = "Focus Squares";
			sourceTree = "<group>";
		};
		1488324A1EFC3E9C0043E0AB /* Utilities */ = {
			isa = PBXGroup;
			children = (
				148832481EFC3E520043E0AB /* ARSCNView+HitTests.swift */,
				C46356661EF9CC480080C8D9 /* SceneExtensions.swift */,
				C41366B81EB80DD400EC054A /* TextManager.swift */,
				39C0B9581E9C6B1F003FCA0C /* Utilities.swift */,
			);
			path = Utilities;
			sourceTree = "<group>";
		};
		1488324B1EFC3EBF0043E0AB /* Additional View Controllers */ = {
			isa = PBXGroup;
			children = (
				39C0B9571E9C6B1F003FCA0C /* SettingsViewController.swift */,
				147062631F06FA790003EE03 /* VirtualObjectSelectionViewController.swift */,
			);
			path = "Additional View Controllers";
			sourceTree = "<group>";
		};
		1488324C1EFC3ED00043E0AB /* Resources */ = {
			isa = PBXGroup;
			children = (
				3929C49E1E89EE4400E00B60 /* Models.scnassets */,
				3929C4921E89EC2C00E00B60 /* Assets.xcassets */,
				3929C4971E89EC2C00E00B60 /* Info.plist */,
				3929C48F1E89EC2C00E00B60 /* Main.storyboard */,
				39D8DC1A1E8ADAE600386B05 /* LaunchScreen.storyboard */,
			);
			path = Resources;
			sourceTree = "<group>";
		};
		1807E2C8BCCD2BA2E6A7CA87 /* Configuration */ = {
			isa = PBXGroup;
			children = (
				C07A477172D99C90CD79D3A6 /* SampleCode.xcconfig */,
			);
			name = Configuration;
			sourceTree = "<group>";
		};
		3929C47F1E89EC2C00E00B60 = {
			isa = PBXGroup;
			children = (
				11063F3B1EBE651B0033EE6D /* README.md */,
				3929C48A1E89EC2C00E00B60 /* ARKitExample */,
				3929C4891E89EC2C00E00B60 /* Products */,
				1807E2C8BCCD2BA2E6A7CA87 /* Configuration */,
				75696C7D0E0CF81D46502904 /* LICENSE */,
			);
			sourceTree = "<group>";
		};
		3929C4891E89EC2C00E00B60 /* Products */ = {
			isa = PBXGroup;
			children = (
				3929C4881E89EC2C00E00B60 /* ARKitExample.app */,
			);
			name = Products;
			sourceTree = "<group>";
		};
		3929C48A1E89EC2C00E00B60 /* ARKitExample */ = {
			isa = PBXGroup;
			children = (
				3929C48B1E89EC2C00E00B60 /* AppDelegate.swift */,
				3929C48D1E89EC2C00E00B60 /* ViewController.swift */,
				1488323E1EFC378A0043E0AB /* ViewController+Actions.swift */,
				147D76491EFC36070000FEBF /* ViewController+ObjectSelection.swift */,
				C40DF57B1EC2330700D9D59E /* Virtual Objects */,
				113B64D01ECA81CA0071CBD1 /* UI Elements */,
				1488324B1EFC3EBF0043E0AB /* Additional View Controllers */,
				1488324A1EFC3E9C0043E0AB /* Utilities */,
				1488324C1EFC3ED00043E0AB /* Resources */,
			);
			path = ARKitExample;
			sourceTree = "<group>";
		};
		75696C7D0E0CF81D46502904 /* LICENSE */ = {
			isa = PBXGroup;
			children = (
				E605C5746C0A772D22D8A257 /* LICENSE.txt */,
			);
			path = LICENSE;
			sourceTree = "<group>";
		};
		C40DF57B1EC2330700D9D59E /* Virtual Objects */ = {
			isa = PBXGroup;
			children = (
				C4E87DD81EA6B40F002117D6 /* VirtualObject.swift */,
				C46356651EF9CB1A0080C8D9 /* VirtualObjectManager.swift */,
				1137ED1E1F09BE0800F1A96E /* VirtualObjects.json */,
			);
			path = "Virtual Objects";
			sourceTree = "<group>";
		};
/* End PBXGroup section */

/* Begin PBXNativeTarget section */
		3929C4871E89EC2C00E00B60 /* ARKitExample */ = {
			isa = PBXNativeTarget;
			buildConfigurationList = 3929C49A1E89EC2C00E00B60 /* Build configuration list for PBXNativeTarget "ARKitExample" */;
			buildPhases = (
				3929C4841E89EC2C00E00B60 /* Sources */,
				3929C4851E89EC2C00E00B60 /* Frameworks */,
				3929C4861E89EC2C00E00B60 /* Resources */,
			);
			buildRules = (
			);
			dependencies = (
			);
			name = ARKitExample;
			productName = ARKitExample;
			productReference = 3929C4881E89EC2C00E00B60 /* ARKitExample.app */;
			productType = "com.apple.product-type.application";
		};
/* End PBXNativeTarget section */

/* Begin PBXProject section */
		3929C4801E89EC2C00E00B60 /* Project object */ = {
			isa = PBXProject;
			attributes = {
				LastSwiftUpdateCheck = 0900;
				LastUpgradeCheck = 0920;
				ORGANIZATIONNAME = Apple;
				TargetAttributes = {
					3929C4871E89EC2C00E00B60 = {
						CreatedOnToolsVersion = 9.0;
						DevelopmentTeam = 4Q93294747;
						LastSwiftMigration = 0900;
						ProvisioningStyle = Automatic;
					};
				};
			};
			buildConfigurationList = 3929C4831E89EC2C00E00B60 /* Build configuration list for PBXProject "ARKitExample" */;
			compatibilityVersion = "Xcode 3.2";
			developmentRegion = English;
			hasScannedForEncodings = 0;
			knownRegions = (
				en,
				Base,
			);
			mainGroup = 3929C47F1E89EC2C00E00B60;
			productRefGroup = 3929C4891E89EC2C00E00B60 /* Products */;
			projectDirPath = "";
			projectRoot = "";
			targets = (
				3929C4871E89EC2C00E00B60 /* ARKitExample */,
			);
		};
/* End PBXProject section */

/* Begin PBXResourcesBuildPhase section */
		3929C4861E89EC2C00E00B60 /* Resources */ = {
			isa = PBXResourcesBuildPhase;
			buildActionMask = 2147483647;
			files = (
				1137ED1F1F09BE0800F1A96E /* VirtualObjects.json in Resources */,
				3929C49F1E89EE4400E00B60 /* Models.scnassets in Resources */,
				39D8DC1B1E8ADAE600386B05 /* LaunchScreen.storyboard in Resources */,
				3929C4931E89EC2C00E00B60 /* Assets.xcassets in Resources */,
				3929C4911E89EC2C00E00B60 /* Main.storyboard in Resources */,
			);
			runOnlyForDeploymentPostprocessing = 0;
		};
/* End PBXResourcesBuildPhase section */

/* Begin PBXSourcesBuildPhase section */
		3929C4841E89EC2C00E00B60 /* Sources */ = {
			isa = PBXSourcesBuildPhase;
			buildActionMask = 2147483647;
			files = (
				11BD822A1F09D750003F11C8 /* ViewController+ObjectSelection.swift in Sources */,
				1488323F1EFC378A0043E0AB /* ViewController+Actions.swift in Sources */,
				3929C48E1E89EC2C00E00B60 /* ViewController.swift in Sources */,
				C41366B91EB80DD400EC054A /* TextManager.swift in Sources */,
				39C0B95A1E9C6B1F003FCA0C /* Utilities.swift in Sources */,
				147062641F06FA790003EE03 /* VirtualObjectSelectionViewController.swift in Sources */,
				392BB82C1EA19A7C00FBBAC8 /* Plane.swift in Sources */,
				148832451EFC3C160043E0AB /* TwoFingerGesture.swift in Sources */,
				3987BEDC1E9E057F00167FAC /* Gesture.swift in Sources */,
				C4E87DD91EA6B40F002117D6 /* VirtualObject.swift in Sources */,
				39C0B9591E9C6B1F003FCA0C /* SettingsViewController.swift in Sources */,
				C46356671EF9CC500080C8D9 /* SceneExtensions.swift in Sources */,
				148832491EFC3E520043E0AB /* ARSCNView+HitTests.swift in Sources */,
				148832411EFC3B250043E0AB /* FocusSquareSegment.swift in Sources */,
				148832431EFC3BE00043E0AB /* SingleFingerGesture.swift in Sources */,
				C42A71BD1E9C0AF200944367 /* FocusSquare.swift in Sources */,
				3929C48C1E89EC2C00E00B60 /* AppDelegate.swift in Sources */,
				C46356681EF9CC530080C8D9 /* VirtualObjectManager.swift in Sources */,
			);
			runOnlyForDeploymentPostprocessing = 0;
		};
/* End PBXSourcesBuildPhase section */

/* Begin PBXVariantGroup section */
		3929C48F1E89EC2C00E00B60 /* Main.storyboard */ = {
			isa = PBXVariantGroup;
			children = (
				3929C4901E89EC2C00E00B60 /* Base */,
			);
			name = Main.storyboard;
			path = ..;
			sourceTree = "<group>";
		};
/* End PBXVariantGroup section */

/* Begin XCBuildConfiguration section */
		3929C4981E89EC2C00E00B60 /* Debug */ = {
			isa = XCBuildConfiguration;
			baseConfigurationReference = C07A477172D99C90CD79D3A6 /* SampleCode.xcconfig */;
			buildSettings = {
				ALWAYS_SEARCH_USER_PATHS = NO;
				CLANG_ANALYZER_NONNULL = YES;
				CLANG_ANALYZER_NUMBER_OBJECT_CONVERSION = YES_AGGRESSIVE;
				CLANG_CXX_LANGUAGE_STANDARD = "gnu++0x";
				CLANG_CXX_LIBRARY = "libc++";
				CLANG_ENABLE_MODULES = YES;
				CLANG_ENABLE_OBJC_ARC = YES;
				CLANG_WARN_BLOCK_CAPTURE_AUTORELEASING = YES;
				CLANG_WARN_BOOL_CONVERSION = YES;
				CLANG_WARN_COMMA = YES;
				CLANG_WARN_CONSTANT_CONVERSION = YES;
				CLANG_WARN_DIRECT_OBJC_ISA_USAGE = YES_ERROR;
				CLANG_WARN_DOCUMENTATION_COMMENTS = YES;
				CLANG_WARN_EMPTY_BODY = YES;
				CLANG_WARN_ENUM_CONVERSION = YES;
				CLANG_WARN_INFINITE_RECURSION = YES;
				CLANG_WARN_INT_CONVERSION = YES;
				CLANG_WARN_NON_LITERAL_NULL_CONVERSION = YES;
				CLANG_WARN_OBJC_LITERAL_CONVERSION = YES;
				CLANG_WARN_OBJC_ROOT_CLASS = YES_ERROR;
				CLANG_WARN_RANGE_LOOP_ANALYSIS = YES;
				CLANG_WARN_STRICT_PROTOTYPES = YES;
				CLANG_WARN_SUSPICIOUS_MOVE = YES;
				CLANG_WARN_UNREACHABLE_CODE = YES;
				CLANG_WARN__DUPLICATE_METHOD_MATCH = YES;
				"CODE_SIGN_IDENTITY[sdk=iphoneos*]" = "iPhone Developer";
				COPY_PHASE_STRIP = NO;
				DEBUG_INFORMATION_FORMAT = dwarf;
				ENABLE_STRICT_OBJC_MSGSEND = YES;
				ENABLE_TESTABILITY = YES;
				GCC_C_LANGUAGE_STANDARD = gnu99;
				GCC_DYNAMIC_NO_PIC = NO;
				GCC_NO_COMMON_BLOCKS = YES;
				GCC_OPTIMIZATION_LEVEL = 0;
				GCC_PREPROCESSOR_DEFINITIONS = (
					"DEBUG=1",
					"$(inherited)",
				);
				GCC_WARN_64_TO_32_BIT_CONVERSION = YES;
				GCC_WARN_ABOUT_RETURN_TYPE = YES_ERROR;
				GCC_WARN_UNDECLARED_SELECTOR = YES;
				GCC_WARN_UNINITIALIZED_AUTOS = YES_AGGRESSIVE;
				GCC_WARN_UNUSED_FUNCTION = YES;
				GCC_WARN_UNUSED_VARIABLE = YES;
				IPHONEOS_DEPLOYMENT_TARGET = 11.0;
				MTL_ENABLE_DEBUG_INFO = YES;
				ONLY_ACTIVE_ARCH = YES;
				SDKROOT = iphoneos;
				SWIFT_ACTIVE_COMPILATION_CONDITIONS = DEBUG;
				SWIFT_OPTIMIZATION_LEVEL = "-Onone";
				TARGETED_DEVICE_FAMILY = "1,2";
			};
			name = Debug;
		};
		3929C4991E89EC2C00E00B60 /* Release */ = {
			isa = XCBuildConfiguration;
			baseConfigurationReference = C07A477172D99C90CD79D3A6 /* SampleCode.xcconfig */;
			buildSettings = {
				ALWAYS_SEARCH_USER_PATHS = NO;
				CLANG_ANALYZER_NONNULL = YES;
				CLANG_ANALYZER_NUMBER_OBJECT_CONVERSION = YES_AGGRESSIVE;
				CLANG_CXX_LANGUAGE_STANDARD = "gnu++0x";
				CLANG_CXX_LIBRARY = "libc++";
				CLANG_ENABLE_MODULES = YES;
				CLANG_ENABLE_OBJC_ARC = YES;
				CLANG_WARN_BLOCK_CAPTURE_AUTORELEASING = YES;
				CLANG_WARN_BOOL_CONVERSION = YES;
				CLANG_WARN_COMMA = YES;
				CLANG_WARN_CONSTANT_CONVERSION = YES;
				CLANG_WARN_DIRECT_OBJC_ISA_USAGE = YES_ERROR;
				CLANG_WARN_DOCUMENTATION_COMMENTS = YES;
				CLANG_WARN_EMPTY_BODY = YES;
				CLANG_WARN_ENUM_CONVERSION = YES;
				CLANG_WARN_INFINITE_RECURSION = YES;
				CLANG_WARN_INT_CONVERSION = YES;
				CLANG_WARN_NON_LITERAL_NULL_CONVERSION = YES;
				CLANG_WARN_OBJC_LITERAL_CONVERSION = YES;
				CLANG_WARN_OBJC_ROOT_CLASS = YES_ERROR;
				CLANG_WARN_RANGE_LOOP_ANALYSIS = YES;
				CLANG_WARN_STRICT_PROTOTYPES = YES;
				CLANG_WARN_SUSPICIOUS_MOVE = YES;
				CLANG_WARN_UNREACHABLE_CODE = YES;
				CLANG_WARN__DUPLICATE_METHOD_MATCH = YES;
				"CODE_SIGN_IDENTITY[sdk=iphoneos*]" = "iPhone Developer";
				COPY_PHASE_STRIP = NO;
				DEBUG_INFORMATION_FORMAT = "dwarf-with-dsym";
				ENABLE_NS_ASSERTIONS = NO;
				ENABLE_STRICT_OBJC_MSGSEND = YES;
				GCC_C_LANGUAGE_STANDARD = gnu99;
				GCC_NO_COMMON_BLOCKS = YES;
				GCC_WARN_64_TO_32_BIT_CONVERSION = YES;
				GCC_WARN_ABOUT_RETURN_TYPE = YES_ERROR;
				GCC_WARN_UNDECLARED_SELECTOR = YES;
				GCC_WARN_UNINITIALIZED_AUTOS = YES_AGGRESSIVE;
				GCC_WARN_UNUSED_FUNCTION = YES;
				GCC_WARN_UNUSED_VARIABLE = YES;
				IPHONEOS_DEPLOYMENT_TARGET = 11.0;
				MTL_ENABLE_DEBUG_INFO = NO;
				SDKROOT = iphoneos;
				SWIFT_OPTIMIZATION_LEVEL = "-Owholemodule";
				TARGETED_DEVICE_FAMILY = "1,2";
				VALIDATE_PRODUCT = YES;
			};
			name = Release;
		};
		3929C49B1E89EC2C00E00B60 /* Debug */ = {
			isa = XCBuildConfiguration;
			baseConfigurationReference = C07A477172D99C90CD79D3A6 /* SampleCode.xcconfig */;
			buildSettings = {
				ASSETCATALOG_COMPILER_APPICON_NAME = AppIcon;
				CODE_SIGN_IDENTITY = "-";
				"CODE_SIGN_IDENTITY[sdk=iphoneos*]" = "iPhone Developer";
				CODE_SIGN_STYLE = Automatic;
				DEVELOPMENT_TEAM = 4Q93294747;
				INFOPLIST_FILE = "$(SRCROOT)/ARKitExample/Resources/Info.plist";
				LD_RUNPATH_SEARCH_PATHS = "$(inherited) @executable_path/Frameworks";
				PRODUCT_BUNDLE_IDENTIFIER = "com.example.apple-samplecode.arkit-sample-app${SAMPLE_CODE_DISAMBIGUATOR}";
				PRODUCT_NAME = "$(TARGET_NAME)";
				PROVISIONING_PROFILE_SPECIFIER = "";
				SWIFT_SWIFT3_OBJC_INFERENCE = Default;
				SWIFT_VERSION = 4.0;
			};
			name = Debug;
		};
		3929C49C1E89EC2C00E00B60 /* Release */ = {
			isa = XCBuildConfiguration;
			baseConfigurationReference = C07A477172D99C90CD79D3A6 /* SampleCode.xcconfig */;
			buildSettings = {
				ASSETCATALOG_COMPILER_APPICON_NAME = AppIcon;
				CODE_SIGN_IDENTITY = "-";
				"CODE_SIGN_IDENTITY[sdk=iphoneos*]" = "iPhone Developer";
				CODE_SIGN_STYLE = Automatic;
				DEVELOPMENT_TEAM = 4Q93294747;
				INFOPLIST_FILE = "$(SRCROOT)/ARKitExample/Resources/Info.plist";
				LD_RUNPATH_SEARCH_PATHS = "$(inherited) @executable_path/Frameworks";
				PRODUCT_BUNDLE_IDENTIFIER = "com.example.apple-samplecode.arkit-sample-app${SAMPLE_CODE_DISAMBIGUATOR}";
				PRODUCT_NAME = "$(TARGET_NAME)";
				PROVISIONING_PROFILE_SPECIFIER = "";
				SWIFT_SWIFT3_OBJC_INFERENCE = Default;
				SWIFT_VERSION = 4.0;
			};
			name = Release;
		};
/* End XCBuildConfiguration section */

/* Begin XCConfigurationList section */
		3929C4831E89EC2C00E00B60 /* Build configuration list for PBXProject "ARKitExample" */ = {
			isa = XCConfigurationList;
			buildConfigurations = (
				3929C4981E89EC2C00E00B60 /* Debug */,
				3929C4991E89EC2C00E00B60 /* Release */,
			);
			defaultConfigurationIsVisible = 0;
			defaultConfigurationName = Release;
		};
		3929C49A1E89EC2C00E00B60 /* Build configuration list for PBXNativeTarget "ARKitExample" */ = {
			isa = XCConfigurationList;
			buildConfigurations = (
				3929C49B1E89EC2C00E00B60 /* Debug */,
				3929C49C1E89EC2C00E00B60 /* Release */,
			);
			defaultConfigurationIsVisible = 0;
			defaultConfigurationName = Release;
		};
/* End XCConfigurationList section */
	};
	rootObject = 3929C4801E89EC2C00E00B60 /* Project object */;
}
